
Microsoft Visual Studio Solution File, Format Version 12.00
# Visual Studio Version 16
VisualStudioVersion = 16.0.28407.52
MinimumVisualStudioVersion = 10.0.40219.1
Project("{9A19103F-16F7-4668-BE54-9A1E7A4F7556}") = "DirectX12Game", "DirectX12Game\DirectX12Game.csproj", "{30F0ECD3-E8A8-4790-BBBB-57DCB363FC15}"
EndProject
Project("{FAE04EC0-301F-11D3-BF4B-00C04F79EFBC}") = "DirectX12XamlApp", "DirectX12XamlApp\DirectX12XamlApp.csproj", "{D4CE4CDC-8DAC-44AE-80BB-FD7B6DFAD200}"
EndProject
Project("{9A19103F-16F7-4668-BE54-9A1E7A4F7556}") = "DirectX12WinFormsApp", "DirectX12WinFormsApp\DirectX12WinFormsApp.csproj", "{63F67A46-E52D-4895-9B7A-A09631C7B8DC}"
EndProject
Project("{FAE04EC0-301F-11D3-BF4B-00C04F79EFBC}") = "DirectX12CoreWindowApp", "DirectX12CoreWindowApp\DirectX12CoreWindowApp.csproj", "{7EE70908-A858-434A-8823-CBF577DD30FC}"
EndProject
Project("{9A19103F-16F7-4668-BE54-9A1E7A4F7556}") = "DirectX12GameEngine.Core", "DirectX12GameEngine.Core\DirectX12GameEngine.Core.csproj", "{B0756B81-8C65-478C-AED4-E3EBDECF30A5}"
EndProject
Project("{9A19103F-16F7-4668-BE54-9A1E7A4F7556}") = "DirectX12GameEngine.Games", "DirectX12GameEngine.Games\DirectX12GameEngine.Games.csproj", "{6D3387FC-C108-4EC0-AE82-66184570CF6C}"
EndProject
Project("{9A19103F-16F7-4668-BE54-9A1E7A4F7556}") = "DirectX12GameEngine.Shaders", "DirectX12GameEngine.Shaders\DirectX12GameEngine.Shaders.csproj", "{4312E468-AC7A-4C62-AAAD-4BEBFD0239B5}"
EndProject
Project("{9A19103F-16F7-4668-BE54-9A1E7A4F7556}") = "DirectX12GameEngine.Graphics", "DirectX12GameEngine.Graphics\DirectX12GameEngine.Graphics.csproj", "{107A527C-2D40-44B5-805F-092B9B614947}"
EndProject
Project("{9A19103F-16F7-4668-BE54-9A1E7A4F7556}") = "DirectX12GameEngine.Rendering", "DirectX12GameEngine.Rendering\DirectX12GameEngine.Rendering.csproj", "{1B6C6198-F2FB-4ABB-88AD-0078FA42AC48}"
EndProject
Project("{9A19103F-16F7-4668-BE54-9A1E7A4F7556}") = "DirectX12GameEngine.Engine", "DirectX12GameEngine.Engine\DirectX12GameEngine.Engine.csproj", "{693635ED-FC5E-43FF-A869-B37A2D601ED3}"
EndProject
Project("{9A19103F-16F7-4668-BE54-9A1E7A4F7556}") = "DirectX12GameEngine.Graphics.Holographic", "DirectX12GameEngine.Graphics.Holographic\DirectX12GameEngine.Graphics.Holographic.csproj", "{C4B65186-87B3-4219-8D84-1AC29A81266A}"
EndProject
Project("{9A19103F-16F7-4668-BE54-9A1E7A4F7556}") = "DirectX12GameEngine.Core.Assets", "DirectX12GameEngine.Core.Assets\DirectX12GameEngine.Core.Assets.csproj", "{83CAAFFE-6C8E-4B1E-A595-D7B3B0CF1AE5}"
EndProject
Project("{9A19103F-16F7-4668-BE54-9A1E7A4F7556}") = "DirectX12GameEngine.Assets", "DirectX12GameEngine.Assets\DirectX12GameEngine.Assets.csproj", "{1E0E861D-2635-4B57-AFC1-73AEECD56018}"
EndProject
Project("{FAE04EC0-301F-11D3-BF4B-00C04F79EFBC}") = "DirectX12GameEngine.Editor", "DirectX12GameEngine.Editor\DirectX12GameEngine.Editor.csproj", "{D1F2CBF7-6205-4A81-9262-06B2B747D05B}"
EndProject
Global
	GlobalSection(SolutionConfigurationPlatforms) = preSolution
		Debug|Any CPU = Debug|Any CPU
		Debug|ARM = Debug|ARM
		Debug|ARM64 = Debug|ARM64
		Debug|x64 = Debug|x64
		Debug|x86 = Debug|x86
		Release|Any CPU = Release|Any CPU
		Release|ARM = Release|ARM
		Release|ARM64 = Release|ARM64
		Release|x64 = Release|x64
		Release|x86 = Release|x86
	EndGlobalSection
	GlobalSection(ProjectConfigurationPlatforms) = postSolution
		{30F0ECD3-E8A8-4790-BBBB-57DCB363FC15}.Debug|Any CPU.ActiveCfg = Debug|Any CPU
		{30F0ECD3-E8A8-4790-BBBB-57DCB363FC15}.Debug|Any CPU.Build.0 = Debug|Any CPU
		{30F0ECD3-E8A8-4790-BBBB-57DCB363FC15}.Debug|ARM.ActiveCfg = Debug|Any CPU
		{30F0ECD3-E8A8-4790-BBBB-57DCB363FC15}.Debug|ARM.Build.0 = Debug|Any CPU
		{30F0ECD3-E8A8-4790-BBBB-57DCB363FC15}.Debug|ARM64.ActiveCfg = Debug|Any CPU
		{30F0ECD3-E8A8-4790-BBBB-57DCB363FC15}.Debug|ARM64.Build.0 = Debug|Any CPU
		{30F0ECD3-E8A8-4790-BBBB-57DCB363FC15}.Debug|x64.ActiveCfg = Debug|Any CPU
		{30F0ECD3-E8A8-4790-BBBB-57DCB363FC15}.Debug|x64.Build.0 = Debug|Any CPU
		{30F0ECD3-E8A8-4790-BBBB-57DCB363FC15}.Debug|x86.ActiveCfg = Debug|Any CPU
		{30F0ECD3-E8A8-4790-BBBB-57DCB363FC15}.Debug|x86.Build.0 = Debug|Any CPU
		{30F0ECD3-E8A8-4790-BBBB-57DCB363FC15}.Release|Any CPU.ActiveCfg = Release|Any CPU
		{30F0ECD3-E8A8-4790-BBBB-57DCB363FC15}.Release|Any CPU.Build.0 = Release|Any CPU
		{30F0ECD3-E8A8-4790-BBBB-57DCB363FC15}.Release|ARM.ActiveCfg = Release|Any CPU
		{30F0ECD3-E8A8-4790-BBBB-57DCB363FC15}.Release|ARM.Build.0 = Release|Any CPU
		{30F0ECD3-E8A8-4790-BBBB-57DCB363FC15}.Release|ARM64.ActiveCfg = Release|Any CPU
		{30F0ECD3-E8A8-4790-BBBB-57DCB363FC15}.Release|ARM64.Build.0 = Release|Any CPU
		{30F0ECD3-E8A8-4790-BBBB-57DCB363FC15}.Release|x64.ActiveCfg = Release|Any CPU
		{30F0ECD3-E8A8-4790-BBBB-57DCB363FC15}.Release|x64.Build.0 = Release|Any CPU
		{30F0ECD3-E8A8-4790-BBBB-57DCB363FC15}.Release|x86.ActiveCfg = Release|Any CPU
		{30F0ECD3-E8A8-4790-BBBB-57DCB363FC15}.Release|x86.Build.0 = Release|Any CPU
		{D4CE4CDC-8DAC-44AE-80BB-FD7B6DFAD200}.Debug|Any CPU.ActiveCfg = Debug|x86
		{D4CE4CDC-8DAC-44AE-80BB-FD7B6DFAD200}.Debug|Any CPU.Build.0 = Debug|x86
		{D4CE4CDC-8DAC-44AE-80BB-FD7B6DFAD200}.Debug|Any CPU.Deploy.0 = Debug|x86
		{D4CE4CDC-8DAC-44AE-80BB-FD7B6DFAD200}.Debug|ARM.ActiveCfg = Debug|ARM
		{D4CE4CDC-8DAC-44AE-80BB-FD7B6DFAD200}.Debug|ARM.Build.0 = Debug|ARM
		{D4CE4CDC-8DAC-44AE-80BB-FD7B6DFAD200}.Debug|ARM.Deploy.0 = Debug|ARM
		{D4CE4CDC-8DAC-44AE-80BB-FD7B6DFAD200}.Debug|ARM64.ActiveCfg = Debug|ARM64
		{D4CE4CDC-8DAC-44AE-80BB-FD7B6DFAD200}.Debug|ARM64.Build.0 = Debug|ARM64
		{D4CE4CDC-8DAC-44AE-80BB-FD7B6DFAD200}.Debug|ARM64.Deploy.0 = Debug|ARM64
		{D4CE4CDC-8DAC-44AE-80BB-FD7B6DFAD200}.Debug|x64.ActiveCfg = Debug|x64
		{D4CE4CDC-8DAC-44AE-80BB-FD7B6DFAD200}.Debug|x64.Build.0 = Debug|x64
		{D4CE4CDC-8DAC-44AE-80BB-FD7B6DFAD200}.Debug|x64.Deploy.0 = Debug|x64
		{D4CE4CDC-8DAC-44AE-80BB-FD7B6DFAD200}.Debug|x86.ActiveCfg = Debug|x86
		{D4CE4CDC-8DAC-44AE-80BB-FD7B6DFAD200}.Debug|x86.Build.0 = Debug|x86
		{D4CE4CDC-8DAC-44AE-80BB-FD7B6DFAD200}.Debug|x86.Deploy.0 = Debug|x86
		{D4CE4CDC-8DAC-44AE-80BB-FD7B6DFAD200}.Release|Any CPU.ActiveCfg = Release|x86
		{D4CE4CDC-8DAC-44AE-80BB-FD7B6DFAD200}.Release|ARM.ActiveCfg = Release|ARM
		{D4CE4CDC-8DAC-44AE-80BB-FD7B6DFAD200}.Release|ARM.Build.0 = Release|ARM
		{D4CE4CDC-8DAC-44AE-80BB-FD7B6DFAD200}.Release|ARM.Deploy.0 = Release|ARM
		{D4CE4CDC-8DAC-44AE-80BB-FD7B6DFAD200}.Release|ARM64.ActiveCfg = Release|ARM64
		{D4CE4CDC-8DAC-44AE-80BB-FD7B6DFAD200}.Release|ARM64.Build.0 = Release|ARM64
		{D4CE4CDC-8DAC-44AE-80BB-FD7B6DFAD200}.Release|ARM64.Deploy.0 = Release|ARM64
		{D4CE4CDC-8DAC-44AE-80BB-FD7B6DFAD200}.Release|x64.ActiveCfg = Release|x64
		{D4CE4CDC-8DAC-44AE-80BB-FD7B6DFAD200}.Release|x64.Build.0 = Release|x64
		{D4CE4CDC-8DAC-44AE-80BB-FD7B6DFAD200}.Release|x64.Deploy.0 = Release|x64
		{D4CE4CDC-8DAC-44AE-80BB-FD7B6DFAD200}.Release|x86.ActiveCfg = Release|x86
		{D4CE4CDC-8DAC-44AE-80BB-FD7B6DFAD200}.Release|x86.Build.0 = Release|x86
		{D4CE4CDC-8DAC-44AE-80BB-FD7B6DFAD200}.Release|x86.Deploy.0 = Release|x86
		{63F67A46-E52D-4895-9B7A-A09631C7B8DC}.Debug|Any CPU.ActiveCfg = Debug|Any CPU
		{63F67A46-E52D-4895-9B7A-A09631C7B8DC}.Debug|Any CPU.Build.0 = Debug|Any CPU
		{63F67A46-E52D-4895-9B7A-A09631C7B8DC}.Debug|ARM.ActiveCfg = Debug|Any CPU
		{63F67A46-E52D-4895-9B7A-A09631C7B8DC}.Debug|ARM.Build.0 = Debug|Any CPU
		{63F67A46-E52D-4895-9B7A-A09631C7B8DC}.Debug|ARM64.ActiveCfg = Debug|Any CPU
		{63F67A46-E52D-4895-9B7A-A09631C7B8DC}.Debug|ARM64.Build.0 = Debug|Any CPU
		{63F67A46-E52D-4895-9B7A-A09631C7B8DC}.Debug|x64.ActiveCfg = Debug|Any CPU
		{63F67A46-E52D-4895-9B7A-A09631C7B8DC}.Debug|x64.Build.0 = Debug|Any CPU
		{63F67A46-E52D-4895-9B7A-A09631C7B8DC}.Debug|x86.ActiveCfg = Debug|Any CPU
		{63F67A46-E52D-4895-9B7A-A09631C7B8DC}.Debug|x86.Build.0 = Debug|Any CPU
		{63F67A46-E52D-4895-9B7A-A09631C7B8DC}.Release|Any CPU.ActiveCfg = Release|Any CPU
		{63F67A46-E52D-4895-9B7A-A09631C7B8DC}.Release|Any CPU.Build.0 = Release|Any CPU
		{63F67A46-E52D-4895-9B7A-A09631C7B8DC}.Release|ARM.ActiveCfg = Release|Any CPU
		{63F67A46-E52D-4895-9B7A-A09631C7B8DC}.Release|ARM.Build.0 = Release|Any CPU
		{63F67A46-E52D-4895-9B7A-A09631C7B8DC}.Release|ARM64.ActiveCfg = Release|Any CPU
		{63F67A46-E52D-4895-9B7A-A09631C7B8DC}.Release|ARM64.Build.0 = Release|Any CPU
		{63F67A46-E52D-4895-9B7A-A09631C7B8DC}.Release|x64.ActiveCfg = Release|Any CPU
		{63F67A46-E52D-4895-9B7A-A09631C7B8DC}.Release|x64.Build.0 = Release|Any CPU
		{63F67A46-E52D-4895-9B7A-A09631C7B8DC}.Release|x86.ActiveCfg = Release|Any CPU
		{63F67A46-E52D-4895-9B7A-A09631C7B8DC}.Release|x86.Build.0 = Release|Any CPU
		{7EE70908-A858-434A-8823-CBF577DD30FC}.Debug|Any CPU.ActiveCfg = Debug|x86
		{7EE70908-A858-434A-8823-CBF577DD30FC}.Debug|ARM.ActiveCfg = Debug|ARM
		{7EE70908-A858-434A-8823-CBF577DD30FC}.Debug|ARM.Build.0 = Debug|ARM
		{7EE70908-A858-434A-8823-CBF577DD30FC}.Debug|ARM.Deploy.0 = Debug|ARM
		{7EE70908-A858-434A-8823-CBF577DD30FC}.Debug|ARM64.ActiveCfg = Debug|x86
		{7EE70908-A858-434A-8823-CBF577DD30FC}.Debug|x64.ActiveCfg = Debug|x64
		{7EE70908-A858-434A-8823-CBF577DD30FC}.Debug|x64.Build.0 = Debug|x64
		{7EE70908-A858-434A-8823-CBF577DD30FC}.Debug|x64.Deploy.0 = Debug|x64
		{7EE70908-A858-434A-8823-CBF577DD30FC}.Debug|x86.ActiveCfg = Debug|x86
		{7EE70908-A858-434A-8823-CBF577DD30FC}.Debug|x86.Build.0 = Debug|x86
		{7EE70908-A858-434A-8823-CBF577DD30FC}.Debug|x86.Deploy.0 = Debug|x86
		{7EE70908-A858-434A-8823-CBF577DD30FC}.Release|Any CPU.ActiveCfg = Release|x86
		{7EE70908-A858-434A-8823-CBF577DD30FC}.Release|ARM.ActiveCfg = Release|ARM
		{7EE70908-A858-434A-8823-CBF577DD30FC}.Release|ARM.Build.0 = Release|ARM
		{7EE70908-A858-434A-8823-CBF577DD30FC}.Release|ARM.Deploy.0 = Release|ARM
		{7EE70908-A858-434A-8823-CBF577DD30FC}.Release|ARM64.ActiveCfg = Release|x86
		{7EE70908-A858-434A-8823-CBF577DD30FC}.Release|x64.ActiveCfg = Release|x64
		{7EE70908-A858-434A-8823-CBF577DD30FC}.Release|x64.Build.0 = Release|x64
		{7EE70908-A858-434A-8823-CBF577DD30FC}.Release|x64.Deploy.0 = Release|x64
		{7EE70908-A858-434A-8823-CBF577DD30FC}.Release|x86.ActiveCfg = Release|x86
		{7EE70908-A858-434A-8823-CBF577DD30FC}.Release|x86.Build.0 = Release|x86
		{7EE70908-A858-434A-8823-CBF577DD30FC}.Release|x86.Deploy.0 = Release|x86
		{B0756B81-8C65-478C-AED4-E3EBDECF30A5}.Debug|Any CPU.ActiveCfg = Debug|Any CPU
		{B0756B81-8C65-478C-AED4-E3EBDECF30A5}.Debug|Any CPU.Build.0 = Debug|Any CPU
		{B0756B81-8C65-478C-AED4-E3EBDECF30A5}.Debug|ARM.ActiveCfg = Debug|Any CPU
		{B0756B81-8C65-478C-AED4-E3EBDECF30A5}.Debug|ARM.Build.0 = Debug|Any CPU
		{B0756B81-8C65-478C-AED4-E3EBDECF30A5}.Debug|ARM64.ActiveCfg = Debug|Any CPU
		{B0756B81-8C65-478C-AED4-E3EBDECF30A5}.Debug|ARM64.Build.0 = Debug|Any CPU
		{B0756B81-8C65-478C-AED4-E3EBDECF30A5}.Debug|x64.ActiveCfg = Debug|Any CPU
		{B0756B81-8C65-478C-AED4-E3EBDECF30A5}.Debug|x64.Build.0 = Debug|Any CPU
		{B0756B81-8C65-478C-AED4-E3EBDECF30A5}.Debug|x86.ActiveCfg = Debug|Any CPU
		{B0756B81-8C65-478C-AED4-E3EBDECF30A5}.Debug|x86.Build.0 = Debug|Any CPU
		{B0756B81-8C65-478C-AED4-E3EBDECF30A5}.Release|Any CPU.ActiveCfg = Release|Any CPU
		{B0756B81-8C65-478C-AED4-E3EBDECF30A5}.Release|Any CPU.Build.0 = Release|Any CPU
		{B0756B81-8C65-478C-AED4-E3EBDECF30A5}.Release|ARM.ActiveCfg = Release|Any CPU
		{B0756B81-8C65-478C-AED4-E3EBDECF30A5}.Release|ARM.Build.0 = Release|Any CPU
		{B0756B81-8C65-478C-AED4-E3EBDECF30A5}.Release|ARM64.ActiveCfg = Release|Any CPU
		{B0756B81-8C65-478C-AED4-E3EBDECF30A5}.Release|ARM64.Build.0 = Release|Any CPU
		{B0756B81-8C65-478C-AED4-E3EBDECF30A5}.Release|x64.ActiveCfg = Release|Any CPU
		{B0756B81-8C65-478C-AED4-E3EBDECF30A5}.Release|x64.Build.0 = Release|Any CPU
		{B0756B81-8C65-478C-AED4-E3EBDECF30A5}.Release|x86.ActiveCfg = Release|Any CPU
		{B0756B81-8C65-478C-AED4-E3EBDECF30A5}.Release|x86.Build.0 = Release|Any CPU
		{6D3387FC-C108-4EC0-AE82-66184570CF6C}.Debug|Any CPU.ActiveCfg = Debug|Any CPU
		{6D3387FC-C108-4EC0-AE82-66184570CF6C}.Debug|Any CPU.Build.0 = Debug|Any CPU
		{6D3387FC-C108-4EC0-AE82-66184570CF6C}.Debug|ARM.ActiveCfg = Debug|Any CPU
		{6D3387FC-C108-4EC0-AE82-66184570CF6C}.Debug|ARM.Build.0 = Debug|Any CPU
		{6D3387FC-C108-4EC0-AE82-66184570CF6C}.Debug|ARM64.ActiveCfg = Debug|Any CPU
		{6D3387FC-C108-4EC0-AE82-66184570CF6C}.Debug|ARM64.Build.0 = Debug|Any CPU
		{6D3387FC-C108-4EC0-AE82-66184570CF6C}.Debug|x64.ActiveCfg = Debug|Any CPU
		{6D3387FC-C108-4EC0-AE82-66184570CF6C}.Debug|x64.Build.0 = Debug|Any CPU
		{6D3387FC-C108-4EC0-AE82-66184570CF6C}.Debug|x86.ActiveCfg = Debug|Any CPU
		{6D3387FC-C108-4EC0-AE82-66184570CF6C}.Debug|x86.Build.0 = Debug|Any CPU
		{6D3387FC-C108-4EC0-AE82-66184570CF6C}.Release|Any CPU.ActiveCfg = Release|Any CPU
		{6D3387FC-C108-4EC0-AE82-66184570CF6C}.Release|Any CPU.Build.0 = Release|Any CPU
		{6D3387FC-C108-4EC0-AE82-66184570CF6C}.Release|ARM.ActiveCfg = Release|Any CPU
		{6D3387FC-C108-4EC0-AE82-66184570CF6C}.Release|ARM.Build.0 = Release|Any CPU
		{6D3387FC-C108-4EC0-AE82-66184570CF6C}.Release|ARM64.ActiveCfg = Release|Any CPU
		{6D3387FC-C108-4EC0-AE82-66184570CF6C}.Release|ARM64.Build.0 = Release|Any CPU
		{6D3387FC-C108-4EC0-AE82-66184570CF6C}.Release|x64.ActiveCfg = Release|Any CPU
		{6D3387FC-C108-4EC0-AE82-66184570CF6C}.Release|x64.Build.0 = Release|Any CPU
		{6D3387FC-C108-4EC0-AE82-66184570CF6C}.Release|x86.ActiveCfg = Release|Any CPU
		{6D3387FC-C108-4EC0-AE82-66184570CF6C}.Release|x86.Build.0 = Release|Any CPU
		{4312E468-AC7A-4C62-AAAD-4BEBFD0239B5}.Debug|Any CPU.ActiveCfg = Debug|Any CPU
		{4312E468-AC7A-4C62-AAAD-4BEBFD0239B5}.Debug|Any CPU.Build.0 = Debug|Any CPU
		{4312E468-AC7A-4C62-AAAD-4BEBFD0239B5}.Debug|ARM.ActiveCfg = Debug|Any CPU
		{4312E468-AC7A-4C62-AAAD-4BEBFD0239B5}.Debug|ARM.Build.0 = Debug|Any CPU
		{4312E468-AC7A-4C62-AAAD-4BEBFD0239B5}.Debug|ARM64.ActiveCfg = Debug|Any CPU
		{4312E468-AC7A-4C62-AAAD-4BEBFD0239B5}.Debug|ARM64.Build.0 = Debug|Any CPU
		{4312E468-AC7A-4C62-AAAD-4BEBFD0239B5}.Debug|x64.ActiveCfg = Debug|Any CPU
		{4312E468-AC7A-4C62-AAAD-4BEBFD0239B5}.Debug|x64.Build.0 = Debug|Any CPU
		{4312E468-AC7A-4C62-AAAD-4BEBFD0239B5}.Debug|x86.ActiveCfg = Debug|Any CPU
		{4312E468-AC7A-4C62-AAAD-4BEBFD0239B5}.Debug|x86.Build.0 = Debug|Any CPU
		{4312E468-AC7A-4C62-AAAD-4BEBFD0239B5}.Release|Any CPU.ActiveCfg = Release|Any CPU
		{4312E468-AC7A-4C62-AAAD-4BEBFD0239B5}.Release|Any CPU.Build.0 = Release|Any CPU
		{4312E468-AC7A-4C62-AAAD-4BEBFD0239B5}.Release|ARM.ActiveCfg = Release|Any CPU
		{4312E468-AC7A-4C62-AAAD-4BEBFD0239B5}.Release|ARM.Build.0 = Release|Any CPU
		{4312E468-AC7A-4C62-AAAD-4BEBFD0239B5}.Release|ARM64.ActiveCfg = Release|Any CPU
		{4312E468-AC7A-4C62-AAAD-4BEBFD0239B5}.Release|ARM64.Build.0 = Release|Any CPU
		{4312E468-AC7A-4C62-AAAD-4BEBFD0239B5}.Release|x64.ActiveCfg = Release|Any CPU
		{4312E468-AC7A-4C62-AAAD-4BEBFD0239B5}.Release|x64.Build.0 = Release|Any CPU
		{4312E468-AC7A-4C62-AAAD-4BEBFD0239B5}.Release|x86.ActiveCfg = Release|Any CPU
		{4312E468-AC7A-4C62-AAAD-4BEBFD0239B5}.Release|x86.Build.0 = Release|Any CPU
		{107A527C-2D40-44B5-805F-092B9B614947}.Debug|Any CPU.ActiveCfg = Debug|Any CPU
		{107A527C-2D40-44B5-805F-092B9B614947}.Debug|Any CPU.Build.0 = Debug|Any CPU
		{107A527C-2D40-44B5-805F-092B9B614947}.Debug|ARM.ActiveCfg = Debug|Any CPU
		{107A527C-2D40-44B5-805F-092B9B614947}.Debug|ARM.Build.0 = Debug|Any CPU
		{107A527C-2D40-44B5-805F-092B9B614947}.Debug|ARM64.ActiveCfg = Debug|Any CPU
		{107A527C-2D40-44B5-805F-092B9B614947}.Debug|ARM64.Build.0 = Debug|Any CPU
		{107A527C-2D40-44B5-805F-092B9B614947}.Debug|x64.ActiveCfg = Debug|Any CPU
		{107A527C-2D40-44B5-805F-092B9B614947}.Debug|x64.Build.0 = Debug|Any CPU
		{107A527C-2D40-44B5-805F-092B9B614947}.Debug|x86.ActiveCfg = Debug|Any CPU
		{107A527C-2D40-44B5-805F-092B9B614947}.Debug|x86.Build.0 = Debug|Any CPU
		{107A527C-2D40-44B5-805F-092B9B614947}.Release|Any CPU.ActiveCfg = Release|Any CPU
		{107A527C-2D40-44B5-805F-092B9B614947}.Release|Any CPU.Build.0 = Release|Any CPU
		{107A527C-2D40-44B5-805F-092B9B614947}.Release|ARM.ActiveCfg = Release|Any CPU
		{107A527C-2D40-44B5-805F-092B9B614947}.Release|ARM.Build.0 = Release|Any CPU
		{107A527C-2D40-44B5-805F-092B9B614947}.Release|ARM64.ActiveCfg = Release|Any CPU
		{107A527C-2D40-44B5-805F-092B9B614947}.Release|ARM64.Build.0 = Release|Any CPU
		{107A527C-2D40-44B5-805F-092B9B614947}.Release|x64.ActiveCfg = Release|Any CPU
		{107A527C-2D40-44B5-805F-092B9B614947}.Release|x64.Build.0 = Release|Any CPU
		{107A527C-2D40-44B5-805F-092B9B614947}.Release|x86.ActiveCfg = Release|Any CPU
		{107A527C-2D40-44B5-805F-092B9B614947}.Release|x86.Build.0 = Release|Any CPU
		{1B6C6198-F2FB-4ABB-88AD-0078FA42AC48}.Debug|Any CPU.ActiveCfg = Debug|Any CPU
		{1B6C6198-F2FB-4ABB-88AD-0078FA42AC48}.Debug|Any CPU.Build.0 = Debug|Any CPU
		{1B6C6198-F2FB-4ABB-88AD-0078FA42AC48}.Debug|ARM.ActiveCfg = Debug|Any CPU
		{1B6C6198-F2FB-4ABB-88AD-0078FA42AC48}.Debug|ARM.Build.0 = Debug|Any CPU
		{1B6C6198-F2FB-4ABB-88AD-0078FA42AC48}.Debug|ARM64.ActiveCfg = Debug|Any CPU
		{1B6C6198-F2FB-4ABB-88AD-0078FA42AC48}.Debug|ARM64.Build.0 = Debug|Any CPU
		{1B6C6198-F2FB-4ABB-88AD-0078FA42AC48}.Debug|x64.ActiveCfg = Debug|Any CPU
		{1B6C6198-F2FB-4ABB-88AD-0078FA42AC48}.Debug|x64.Build.0 = Debug|Any CPU
		{1B6C6198-F2FB-4ABB-88AD-0078FA42AC48}.Debug|x86.ActiveCfg = Debug|Any CPU
		{1B6C6198-F2FB-4ABB-88AD-0078FA42AC48}.Debug|x86.Build.0 = Debug|Any CPU
		{1B6C6198-F2FB-4ABB-88AD-0078FA42AC48}.Release|Any CPU.ActiveCfg = Release|Any CPU
		{1B6C6198-F2FB-4ABB-88AD-0078FA42AC48}.Release|Any CPU.Build.0 = Release|Any CPU
		{1B6C6198-F2FB-4ABB-88AD-0078FA42AC48}.Release|ARM.ActiveCfg = Release|Any CPU
		{1B6C6198-F2FB-4ABB-88AD-0078FA42AC48}.Release|ARM.Build.0 = Release|Any CPU
		{1B6C6198-F2FB-4ABB-88AD-0078FA42AC48}.Release|ARM64.ActiveCfg = Release|Any CPU
		{1B6C6198-F2FB-4ABB-88AD-0078FA42AC48}.Release|ARM64.Build.0 = Release|Any CPU
		{1B6C6198-F2FB-4ABB-88AD-0078FA42AC48}.Release|x64.ActiveCfg = Release|Any CPU
		{1B6C6198-F2FB-4ABB-88AD-0078FA42AC48}.Release|x64.Build.0 = Release|Any CPU
		{1B6C6198-F2FB-4ABB-88AD-0078FA42AC48}.Release|x86.ActiveCfg = Release|Any CPU
		{1B6C6198-F2FB-4ABB-88AD-0078FA42AC48}.Release|x86.Build.0 = Release|Any CPU
		{693635ED-FC5E-43FF-A869-B37A2D601ED3}.Debug|Any CPU.ActiveCfg = Debug|Any CPU
		{693635ED-FC5E-43FF-A869-B37A2D601ED3}.Debug|Any CPU.Build.0 = Debug|Any CPU
		{693635ED-FC5E-43FF-A869-B37A2D601ED3}.Debug|ARM.ActiveCfg = Debug|Any CPU
		{693635ED-FC5E-43FF-A869-B37A2D601ED3}.Debug|ARM.Build.0 = Debug|Any CPU
		{693635ED-FC5E-43FF-A869-B37A2D601ED3}.Debug|ARM64.ActiveCfg = Debug|Any CPU
		{693635ED-FC5E-43FF-A869-B37A2D601ED3}.Debug|ARM64.Build.0 = Debug|Any CPU
		{693635ED-FC5E-43FF-A869-B37A2D601ED3}.Debug|x64.ActiveCfg = Debug|Any CPU
		{693635ED-FC5E-43FF-A869-B37A2D601ED3}.Debug|x64.Build.0 = Debug|Any CPU
		{693635ED-FC5E-43FF-A869-B37A2D601ED3}.Debug|x86.ActiveCfg = Debug|Any CPU
		{693635ED-FC5E-43FF-A869-B37A2D601ED3}.Debug|x86.Build.0 = Debug|Any CPU
		{693635ED-FC5E-43FF-A869-B37A2D601ED3}.Release|Any CPU.ActiveCfg = Release|Any CPU
		{693635ED-FC5E-43FF-A869-B37A2D601ED3}.Release|Any CPU.Build.0 = Release|Any CPU
		{693635ED-FC5E-43FF-A869-B37A2D601ED3}.Release|ARM.ActiveCfg = Release|Any CPU
		{693635ED-FC5E-43FF-A869-B37A2D601ED3}.Release|ARM.Build.0 = Release|Any CPU
		{693635ED-FC5E-43FF-A869-B37A2D601ED3}.Release|ARM64.ActiveCfg = Release|Any CPU
		{693635ED-FC5E-43FF-A869-B37A2D601ED3}.Release|ARM64.Build.0 = Release|Any CPU
		{693635ED-FC5E-43FF-A869-B37A2D601ED3}.Release|x64.ActiveCfg = Release|Any CPU
		{693635ED-FC5E-43FF-A869-B37A2D601ED3}.Release|x64.Build.0 = Release|Any CPU
		{693635ED-FC5E-43FF-A869-B37A2D601ED3}.Release|x86.ActiveCfg = Release|Any CPU
		{693635ED-FC5E-43FF-A869-B37A2D601ED3}.Release|x86.Build.0 = Release|Any CPU
		{C4B65186-87B3-4219-8D84-1AC29A81266A}.Debug|Any CPU.ActiveCfg = Debug|Any CPU
		{C4B65186-87B3-4219-8D84-1AC29A81266A}.Debug|Any CPU.Build.0 = Debug|Any CPU
		{C4B65186-87B3-4219-8D84-1AC29A81266A}.Debug|ARM.ActiveCfg = Debug|Any CPU
		{C4B65186-87B3-4219-8D84-1AC29A81266A}.Debug|ARM.Build.0 = Debug|Any CPU
		{C4B65186-87B3-4219-8D84-1AC29A81266A}.Debug|ARM64.ActiveCfg = Debug|Any CPU
		{C4B65186-87B3-4219-8D84-1AC29A81266A}.Debug|ARM64.Build.0 = Debug|Any CPU
		{C4B65186-87B3-4219-8D84-1AC29A81266A}.Debug|x64.ActiveCfg = Debug|Any CPU
		{C4B65186-87B3-4219-8D84-1AC29A81266A}.Debug|x64.Build.0 = Debug|Any CPU
		{C4B65186-87B3-4219-8D84-1AC29A81266A}.Debug|x86.ActiveCfg = Debug|Any CPU
		{C4B65186-87B3-4219-8D84-1AC29A81266A}.Debug|x86.Build.0 = Debug|Any CPU
		{C4B65186-87B3-4219-8D84-1AC29A81266A}.Release|Any CPU.ActiveCfg = Release|Any CPU
		{C4B65186-87B3-4219-8D84-1AC29A81266A}.Release|Any CPU.Build.0 = Release|Any CPU
		{C4B65186-87B3-4219-8D84-1AC29A81266A}.Release|ARM.ActiveCfg = Release|Any CPU
		{C4B65186-87B3-4219-8D84-1AC29A81266A}.Release|ARM.Build.0 = Release|Any CPU
		{C4B65186-87B3-4219-8D84-1AC29A81266A}.Release|ARM64.ActiveCfg = Release|Any CPU
		{C4B65186-87B3-4219-8D84-1AC29A81266A}.Release|ARM64.Build.0 = Release|Any CPU
		{C4B65186-87B3-4219-8D84-1AC29A81266A}.Release|x64.ActiveCfg = Release|Any CPU
		{C4B65186-87B3-4219-8D84-1AC29A81266A}.Release|x64.Build.0 = Release|Any CPU
		{C4B65186-87B3-4219-8D84-1AC29A81266A}.Release|x86.ActiveCfg = Release|Any CPU
		{C4B65186-87B3-4219-8D84-1AC29A81266A}.Release|x86.Build.0 = Release|Any CPU
		{83CAAFFE-6C8E-4B1E-A595-D7B3B0CF1AE5}.Debug|Any CPU.ActiveCfg = Debug|Any CPU
		{83CAAFFE-6C8E-4B1E-A595-D7B3B0CF1AE5}.Debug|Any CPU.Build.0 = Debug|Any CPU
		{83CAAFFE-6C8E-4B1E-A595-D7B3B0CF1AE5}.Debug|ARM.ActiveCfg = Debug|Any CPU
		{83CAAFFE-6C8E-4B1E-A595-D7B3B0CF1AE5}.Debug|ARM.Build.0 = Debug|Any CPU
		{83CAAFFE-6C8E-4B1E-A595-D7B3B0CF1AE5}.Debug|ARM64.ActiveCfg = Debug|Any CPU
		{83CAAFFE-6C8E-4B1E-A595-D7B3B0CF1AE5}.Debug|ARM64.Build.0 = Debug|Any CPU
		{83CAAFFE-6C8E-4B1E-A595-D7B3B0CF1AE5}.Debug|x64.ActiveCfg = Debug|Any CPU
		{83CAAFFE-6C8E-4B1E-A595-D7B3B0CF1AE5}.Debug|x64.Build.0 = Debug|Any CPU
		{83CAAFFE-6C8E-4B1E-A595-D7B3B0CF1AE5}.Debug|x86.ActiveCfg = Debug|Any CPU
		{83CAAFFE-6C8E-4B1E-A595-D7B3B0CF1AE5}.Debug|x86.Build.0 = Debug|Any CPU
		{83CAAFFE-6C8E-4B1E-A595-D7B3B0CF1AE5}.Release|Any CPU.ActiveCfg = Release|Any CPU
		{83CAAFFE-6C8E-4B1E-A595-D7B3B0CF1AE5}.Release|Any CPU.Build.0 = Release|Any CPU
		{83CAAFFE-6C8E-4B1E-A595-D7B3B0CF1AE5}.Release|ARM.ActiveCfg = Release|Any CPU
		{83CAAFFE-6C8E-4B1E-A595-D7B3B0CF1AE5}.Release|ARM.Build.0 = Release|Any CPU
		{83CAAFFE-6C8E-4B1E-A595-D7B3B0CF1AE5}.Release|ARM64.ActiveCfg = Release|Any CPU
		{83CAAFFE-6C8E-4B1E-A595-D7B3B0CF1AE5}.Release|ARM64.Build.0 = Release|Any CPU
		{83CAAFFE-6C8E-4B1E-A595-D7B3B0CF1AE5}.Release|x64.ActiveCfg = Release|Any CPU
		{83CAAFFE-6C8E-4B1E-A595-D7B3B0CF1AE5}.Release|x64.Build.0 = Release|Any CPU
		{83CAAFFE-6C8E-4B1E-A595-D7B3B0CF1AE5}.Release|x86.ActiveCfg = Release|Any CPU
		{83CAAFFE-6C8E-4B1E-A595-D7B3B0CF1AE5}.Release|x86.Build.0 = Release|Any CPU
		{1E0E861D-2635-4B57-AFC1-73AEECD56018}.Debug|Any CPU.ActiveCfg = Debug|Any CPU
		{1E0E861D-2635-4B57-AFC1-73AEECD56018}.Debug|Any CPU.Build.0 = Debug|Any CPU
		{1E0E861D-2635-4B57-AFC1-73AEECD56018}.Debug|ARM.ActiveCfg = Debug|Any CPU
		{1E0E861D-2635-4B57-AFC1-73AEECD56018}.Debug|ARM.Build.0 = Debug|Any CPU
		{1E0E861D-2635-4B57-AFC1-73AEECD56018}.Debug|ARM64.ActiveCfg = Debug|Any CPU
		{1E0E861D-2635-4B57-AFC1-73AEECD56018}.Debug|ARM64.Build.0 = Debug|Any CPU
		{1E0E861D-2635-4B57-AFC1-73AEECD56018}.Debug|x64.ActiveCfg = Debug|Any CPU
		{1E0E861D-2635-4B57-AFC1-73AEECD56018}.Debug|x64.Build.0 = Debug|Any CPU
		{1E0E861D-2635-4B57-AFC1-73AEECD56018}.Debug|x86.ActiveCfg = Debug|Any CPU
		{1E0E861D-2635-4B57-AFC1-73AEECD56018}.Debug|x86.Build.0 = Debug|Any CPU
		{1E0E861D-2635-4B57-AFC1-73AEECD56018}.Release|Any CPU.ActiveCfg = Release|Any CPU
		{1E0E861D-2635-4B57-AFC1-73AEECD56018}.Release|Any CPU.Build.0 = Release|Any CPU
		{1E0E861D-2635-4B57-AFC1-73AEECD56018}.Release|ARM.ActiveCfg = Release|Any CPU
		{1E0E861D-2635-4B57-AFC1-73AEECD56018}.Release|ARM.Build.0 = Release|Any CPU
		{1E0E861D-2635-4B57-AFC1-73AEECD56018}.Release|ARM64.ActiveCfg = Release|Any CPU
		{1E0E861D-2635-4B57-AFC1-73AEECD56018}.Release|ARM64.Build.0 = Release|Any CPU
		{1E0E861D-2635-4B57-AFC1-73AEECD56018}.Release|x64.ActiveCfg = Release|Any CPU
		{1E0E861D-2635-4B57-AFC1-73AEECD56018}.Release|x64.Build.0 = Release|Any CPU
		{1E0E861D-2635-4B57-AFC1-73AEECD56018}.Release|x86.ActiveCfg = Release|Any CPU
		{1E0E861D-2635-4B57-AFC1-73AEECD56018}.Release|x86.Build.0 = Release|Any CPU
		{D1F2CBF7-6205-4A81-9262-06B2B747D05B}.Debug|Any CPU.ActiveCfg = Debug|x86
		{D1F2CBF7-6205-4A81-9262-06B2B747D05B}.Debug|ARM.ActiveCfg = Debug|ARM
		{D1F2CBF7-6205-4A81-9262-06B2B747D05B}.Debug|ARM.Build.0 = Debug|ARM
		{D1F2CBF7-6205-4A81-9262-06B2B747D05B}.Debug|ARM.Deploy.0 = Debug|ARM
		{D1F2CBF7-6205-4A81-9262-06B2B747D05B}.Debug|ARM64.ActiveCfg = Debug|ARM64
		{D1F2CBF7-6205-4A81-9262-06B2B747D05B}.Debug|ARM64.Build.0 = Debug|ARM64
		{D1F2CBF7-6205-4A81-9262-06B2B747D05B}.Debug|ARM64.Deploy.0 = Debug|ARM64
		{D1F2CBF7-6205-4A81-9262-06B2B747D05B}.Debug|x64.ActiveCfg = Debug|x64
		{D1F2CBF7-6205-4A81-9262-06B2B747D05B}.Debug|x64.Build.0 = Debug|x64
		{D1F2CBF7-6205-4A81-9262-06B2B747D05B}.Debug|x64.Deploy.0 = Debug|x64
		{D1F2CBF7-6205-4A81-9262-06B2B747D05B}.Debug|x86.ActiveCfg = Debug|x86
		{D1F2CBF7-6205-4A81-9262-06B2B747D05B}.Debug|x86.Build.0 = Debug|x86
		{D1F2CBF7-6205-4A81-9262-06B2B747D05B}.Debug|x86.Deploy.0 = Debug|x86
		{D1F2CBF7-6205-4A81-9262-06B2B747D05B}.Release|Any CPU.ActiveCfg = Release|x86
		{D1F2CBF7-6205-4A81-9262-06B2B747D05B}.Release|ARM.ActiveCfg = Release|ARM
		{D1F2CBF7-6205-4A81-9262-06B2B747D05B}.Release|ARM.Build.0 = Release|ARM
		{D1F2CBF7-6205-4A81-9262-06B2B747D05B}.Release|ARM.Deploy.0 = Release|ARM
		{D1F2CBF7-6205-4A81-9262-06B2B747D05B}.Release|ARM64.ActiveCfg = Release|ARM64
		{D1F2CBF7-6205-4A81-9262-06B2B747D05B}.Release|ARM64.Build.0 = Release|ARM64
		{D1F2CBF7-6205-4A81-9262-06B2B747D05B}.Release|ARM64.Deploy.0 = Release|ARM64
		{D1F2CBF7-6205-4A81-9262-06B2B747D05B}.Release|x64.ActiveCfg = Release|x64
		{D1F2CBF7-6205-4A81-9262-06B2B747D05B}.Release|x64.Build.0 = Release|x64
		{D1F2CBF7-6205-4A81-9262-06B2B747D05B}.Release|x64.Deploy.0 = Release|x64
		{D1F2CBF7-6205-4A81-9262-06B2B747D05B}.Release|x86.ActiveCfg = Release|x86
		{D1F2CBF7-6205-4A81-9262-06B2B747D05B}.Release|x86.Build.0 = Release|x86
		{D1F2CBF7-6205-4A81-9262-06B2B747D05B}.Release|x86.Deploy.0 = Release|x86
	EndGlobalSection
	GlobalSection(SolutionProperties) = preSolution
		HideSolutionNode = FALSE
	EndGlobalSection
	GlobalSection(ExtensibilityGlobals) = postSolution
		SolutionGuid = {767C6A84-793D-460F-882A-8888209BFD2F}
	EndGlobalSection
EndGlobal
