
Microsoft Visual Studio Solution File, Format Version 12.00
# Visual Studio Version 16
VisualStudioVersion = 16.0.28407.52
MinimumVisualStudioVersion = 10.0.40219.1
Project("{9A19103F-16F7-4668-BE54-9A1E7A4F7556}") = "DirectX12GameEngine.Core", "DirectX12GameEngine.Core\DirectX12GameEngine.Core.csproj", "{B0756B81-8C65-478C-AED4-E3EBDECF30A5}"
EndProject
Project("{9A19103F-16F7-4668-BE54-9A1E7A4F7556}") = "DirectX12GameEngine.Games", "DirectX12GameEngine.Games\DirectX12GameEngine.Games.csproj", "{6D3387FC-C108-4EC0-AE82-66184570CF6C}"
EndProject
Project("{9A19103F-16F7-4668-BE54-9A1E7A4F7556}") = "DirectX12GameEngine.Shaders", "DirectX12GameEngine.Shaders\DirectX12GameEngine.Shaders.csproj", "{4312E468-AC7A-4C62-AAAD-4BEBFD0239B5}"
EndProject
Project("{9A19103F-16F7-4668-BE54-9A1E7A4F7556}") = "DirectX12GameEngine.Graphics", "DirectX12GameEngine.Graphics\DirectX12GameEngine.Graphics.csproj", "{107A527C-2D40-44B5-805F-092B9B614947}"
EndProject
Project("{9A19103F-16F7-4668-BE54-9A1E7A4F7556}") = "DirectX12GameEngine.Rendering", "DirectX12GameEngine.Rendering\DirectX12GameEngine.Rendering.csproj", "{1B6C6198-F2FB-4ABB-88AD-0078FA42AC48}"
EndProject
Project("{9A19103F-16F7-4668-BE54-9A1E7A4F7556}") = "DirectX12GameEngine.Engine", "DirectX12GameEngine.Engine\DirectX12GameEngine.Engine.csproj", "{693635ED-FC5E-43FF-A869-B37A2D601ED3}"
EndProject
Project("{9A19103F-16F7-4668-BE54-9A1E7A4F7556}") = "DirectX12GameEngine.Assets", "DirectX12GameEngine.Assets\DirectX12GameEngine.Assets.csproj", "{1E0E861D-2635-4B57-AFC1-73AEECD56018}"
EndProject
Project("{FAE04EC0-301F-11D3-BF4B-00C04F79EFBC}") = "DirectX12GameEngine.Editor", "DirectX12GameEngine.Editor\DirectX12GameEngine.Editor.csproj", "{D1F2CBF7-6205-4A81-9262-06B2B747D05B}"
EndProject
Project("{9A19103F-16F7-4668-BE54-9A1E7A4F7556}") = "DirectX12GameEngine.Input", "DirectX12GameEngine.Input\DirectX12GameEngine.Input.csproj", "{DB93C2C6-419A-4D51-AD9A-12556771C28D}"
EndProject
Project("{9A19103F-16F7-4668-BE54-9A1E7A4F7556}") = "DirectX12GameEngine.Mvvm", "DirectX12GameEngine.Mvvm\DirectX12GameEngine.Mvvm.csproj", "{B76F669C-40B6-46D5-BA81-06D330D823FB}"
EndProject
Project("{9A19103F-16F7-4668-BE54-9A1E7A4F7556}") = "DirectX12GameEngine.Editor.ViewModels", "DirectX12GameEngine.Editor.ViewModels\DirectX12GameEngine.Editor.ViewModels.csproj", "{E46CF6B1-7194-4C09-9208-DFBB25A373FC}"
EndProject
Project("{9A19103F-16F7-4668-BE54-9A1E7A4F7556}") = "DirectX12GameEngine.Serialization", "DirectX12GameEngine.Serialization\DirectX12GameEngine.Serialization.csproj", "{F6FE2D80-661B-4B7F-8017-EE1F9BCEDA77}"
EndProject
Project("{2150E333-8FDC-42A3-9474-1A3956D46DE8}") = "Samples", "Samples", "{6DD23914-4B90-4641-A95F-0ED3B32B4665}"
EndProject
Project("{9A19103F-16F7-4668-BE54-9A1E7A4F7556}") = "DirectX12ComputeShaderSample", "Samples\DirectX12ComputeShaderSample\DirectX12ComputeShaderSample.csproj", "{ADF7980D-C590-4E44-A880-C782AB1B4CF7}"
EndProject
Project("{FAE04EC0-301F-11D3-BF4B-00C04F79EFBC}") = "DirectX12CoreWindowApp", "Samples\DirectX12CoreWindowApp\DirectX12CoreWindowApp.csproj", "{7EE70908-A858-434A-8823-CBF577DD30FC}"
EndProject
Project("{9A19103F-16F7-4668-BE54-9A1E7A4F7556}") = "DirectX12Game", "Samples\DirectX12Game\DirectX12Game.csproj", "{2A1C2BC6-CCAC-4DD4-8400-3E1FDE9A3ECC}"
EndProject
Project("{9A19103F-16F7-4668-BE54-9A1E7A4F7556}") = "DirectX12WinFormsApp", "Samples\DirectX12WinFormsApp\DirectX12WinFormsApp.csproj", "{C53C263C-BF9B-4831-B1FB-AA656A01FE0B}"
EndProject
Project("{FAE04EC0-301F-11D3-BF4B-00C04F79EFBC}") = "DirectX12XamlApp", "Samples\DirectX12XamlApp\DirectX12XamlApp.csproj", "{D4CE4CDC-8DAC-44AE-80BB-FD7B6DFAD200}"
EndProject
Project("{2150E333-8FDC-42A3-9474-1A3956D46DE8}") = "Gltf", "Gltf", "{BF73E421-4861-4423-A895-108E0FD1026A}"
EndProject
Project("{9A19103F-16F7-4668-BE54-9A1E7A4F7556}") = "GltfLoader", "Gltf\GltfLoader\GltfLoader.csproj", "{E7E4C2B9-42B6-4666-93D9-326BA8FE8329}"
EndProject
Project("{9A19103F-16F7-4668-BE54-9A1E7A4F7556}") = "DirectX12GameEngine.Physics", "DirectX12GameEngine.Physics\DirectX12GameEngine.Physics.csproj", "{2237DEE2-7C23-4A94-A2BC-E3CED8F9D622}"
EndProject
Project("{9A19103F-16F7-4668-BE54-9A1E7A4F7556}") = "GltfGenerator", "Gltf\GltfGenerator\GltfGenerator.csproj", "{3DA35ABA-3947-47DE-BA8F-3D169A0BFD3E}"
EndProject
Project("{9A19103F-16F7-4668-BE54-9A1E7A4F7556}") = "DirectX12GameEngine.Shaders.Tasks", "DirectX12GameEngine.Shaders.Tasks\DirectX12GameEngine.Shaders.Tasks.csproj", "{CC419045-D18A-4651-9578-8590EEA5B0DF}"
EndProject
Global
	GlobalSection(SolutionConfigurationPlatforms) = preSolution
		Debug|Any CPU = Debug|Any CPU
		Debug|ARM = Debug|ARM
		Debug|ARM64 = Debug|ARM64
		Debug|x64 = Debug|x64
		Debug|x86 = Debug|x86
		Release|Any CPU = Release|Any CPU
		Release|ARM = Release|ARM
		Release|ARM64 = Release|ARM64
		Release|x64 = Release|x64
		Release|x86 = Release|x86
	EndGlobalSection
	GlobalSection(ProjectConfigurationPlatforms) = postSolution
		{B0756B81-8C65-478C-AED4-E3EBDECF30A5}.Debug|Any CPU.ActiveCfg = Debug|Any CPU
		{B0756B81-8C65-478C-AED4-E3EBDECF30A5}.Debug|Any CPU.Build.0 = Debug|Any CPU
		{B0756B81-8C65-478C-AED4-E3EBDECF30A5}.Debug|ARM.ActiveCfg = Debug|Any CPU
		{B0756B81-8C65-478C-AED4-E3EBDECF30A5}.Debug|ARM.Build.0 = Debug|Any CPU
		{B0756B81-8C65-478C-AED4-E3EBDECF30A5}.Debug|ARM64.ActiveCfg = Debug|Any CPU
		{B0756B81-8C65-478C-AED4-E3EBDECF30A5}.Debug|ARM64.Build.0 = Debug|Any CPU
		{B0756B81-8C65-478C-AED4-E3EBDECF30A5}.Debug|x64.ActiveCfg = Debug|Any CPU
		{B0756B81-8C65-478C-AED4-E3EBDECF30A5}.Debug|x64.Build.0 = Debug|Any CPU
		{B0756B81-8C65-478C-AED4-E3EBDECF30A5}.Debug|x86.ActiveCfg = Debug|Any CPU
		{B0756B81-8C65-478C-AED4-E3EBDECF30A5}.Debug|x86.Build.0 = Debug|Any CPU
		{B0756B81-8C65-478C-AED4-E3EBDECF30A5}.Release|Any CPU.ActiveCfg = Release|Any CPU
		{B0756B81-8C65-478C-AED4-E3EBDECF30A5}.Release|Any CPU.Build.0 = Release|Any CPU
		{B0756B81-8C65-478C-AED4-E3EBDECF30A5}.Release|ARM.ActiveCfg = Release|Any CPU
		{B0756B81-8C65-478C-AED4-E3EBDECF30A5}.Release|ARM.Build.0 = Release|Any CPU
		{B0756B81-8C65-478C-AED4-E3EBDECF30A5}.Release|ARM64.ActiveCfg = Release|Any CPU
		{B0756B81-8C65-478C-AED4-E3EBDECF30A5}.Release|ARM64.Build.0 = Release|Any CPU
		{B0756B81-8C65-478C-AED4-E3EBDECF30A5}.Release|x64.ActiveCfg = Release|Any CPU
		{B0756B81-8C65-478C-AED4-E3EBDECF30A5}.Release|x64.Build.0 = Release|Any CPU
		{B0756B81-8C65-478C-AED4-E3EBDECF30A5}.Release|x86.ActiveCfg = Release|Any CPU
		{B0756B81-8C65-478C-AED4-E3EBDECF30A5}.Release|x86.Build.0 = Release|Any CPU
		{6D3387FC-C108-4EC0-AE82-66184570CF6C}.Debug|Any CPU.ActiveCfg = Debug|Any CPU
		{6D3387FC-C108-4EC0-AE82-66184570CF6C}.Debug|Any CPU.Build.0 = Debug|Any CPU
		{6D3387FC-C108-4EC0-AE82-66184570CF6C}.Debug|ARM.ActiveCfg = Debug|Any CPU
		{6D3387FC-C108-4EC0-AE82-66184570CF6C}.Debug|ARM.Build.0 = Debug|Any CPU
		{6D3387FC-C108-4EC0-AE82-66184570CF6C}.Debug|ARM64.ActiveCfg = Debug|Any CPU
		{6D3387FC-C108-4EC0-AE82-66184570CF6C}.Debug|ARM64.Build.0 = Debug|Any CPU
		{6D3387FC-C108-4EC0-AE82-66184570CF6C}.Debug|x64.ActiveCfg = Debug|Any CPU
		{6D3387FC-C108-4EC0-AE82-66184570CF6C}.Debug|x64.Build.0 = Debug|Any CPU
		{6D3387FC-C108-4EC0-AE82-66184570CF6C}.Debug|x86.ActiveCfg = Debug|Any CPU
		{6D3387FC-C108-4EC0-AE82-66184570CF6C}.Debug|x86.Build.0 = Debug|Any CPU
		{6D3387FC-C108-4EC0-AE82-66184570CF6C}.Release|Any CPU.ActiveCfg = Release|Any CPU
		{6D3387FC-C108-4EC0-AE82-66184570CF6C}.Release|Any CPU.Build.0 = Release|Any CPU
		{6D3387FC-C108-4EC0-AE82-66184570CF6C}.Release|ARM.ActiveCfg = Release|Any CPU
		{6D3387FC-C108-4EC0-AE82-66184570CF6C}.Release|ARM.Build.0 = Release|Any CPU
		{6D3387FC-C108-4EC0-AE82-66184570CF6C}.Release|ARM64.ActiveCfg = Release|Any CPU
		{6D3387FC-C108-4EC0-AE82-66184570CF6C}.Release|ARM64.Build.0 = Release|Any CPU
		{6D3387FC-C108-4EC0-AE82-66184570CF6C}.Release|x64.ActiveCfg = Release|Any CPU
		{6D3387FC-C108-4EC0-AE82-66184570CF6C}.Release|x64.Build.0 = Release|Any CPU
		{6D3387FC-C108-4EC0-AE82-66184570CF6C}.Release|x86.ActiveCfg = Release|Any CPU
		{6D3387FC-C108-4EC0-AE82-66184570CF6C}.Release|x86.Build.0 = Release|Any CPU
		{4312E468-AC7A-4C62-AAAD-4BEBFD0239B5}.Debug|Any CPU.ActiveCfg = Debug|Any CPU
		{4312E468-AC7A-4C62-AAAD-4BEBFD0239B5}.Debug|Any CPU.Build.0 = Debug|Any CPU
		{4312E468-AC7A-4C62-AAAD-4BEBFD0239B5}.Debug|ARM.ActiveCfg = Debug|Any CPU
		{4312E468-AC7A-4C62-AAAD-4BEBFD0239B5}.Debug|ARM.Build.0 = Debug|Any CPU
		{4312E468-AC7A-4C62-AAAD-4BEBFD0239B5}.Debug|ARM64.ActiveCfg = Debug|Any CPU
		{4312E468-AC7A-4C62-AAAD-4BEBFD0239B5}.Debug|ARM64.Build.0 = Debug|Any CPU
		{4312E468-AC7A-4C62-AAAD-4BEBFD0239B5}.Debug|x64.ActiveCfg = Debug|Any CPU
		{4312E468-AC7A-4C62-AAAD-4BEBFD0239B5}.Debug|x64.Build.0 = Debug|Any CPU
		{4312E468-AC7A-4C62-AAAD-4BEBFD0239B5}.Debug|x86.ActiveCfg = Debug|Any CPU
		{4312E468-AC7A-4C62-AAAD-4BEBFD0239B5}.Debug|x86.Build.0 = Debug|Any CPU
		{4312E468-AC7A-4C62-AAAD-4BEBFD0239B5}.Release|Any CPU.ActiveCfg = Release|Any CPU
		{4312E468-AC7A-4C62-AAAD-4BEBFD0239B5}.Release|Any CPU.Build.0 = Release|Any CPU
		{4312E468-AC7A-4C62-AAAD-4BEBFD0239B5}.Release|ARM.ActiveCfg = Release|Any CPU
		{4312E468-AC7A-4C62-AAAD-4BEBFD0239B5}.Release|ARM.Build.0 = Release|Any CPU
		{4312E468-AC7A-4C62-AAAD-4BEBFD0239B5}.Release|ARM64.ActiveCfg = Release|Any CPU
		{4312E468-AC7A-4C62-AAAD-4BEBFD0239B5}.Release|ARM64.Build.0 = Release|Any CPU
		{4312E468-AC7A-4C62-AAAD-4BEBFD0239B5}.Release|x64.ActiveCfg = Release|Any CPU
		{4312E468-AC7A-4C62-AAAD-4BEBFD0239B5}.Release|x64.Build.0 = Release|Any CPU
		{4312E468-AC7A-4C62-AAAD-4BEBFD0239B5}.Release|x86.ActiveCfg = Release|Any CPU
		{4312E468-AC7A-4C62-AAAD-4BEBFD0239B5}.Release|x86.Build.0 = Release|Any CPU
		{107A527C-2D40-44B5-805F-092B9B614947}.Debug|Any CPU.ActiveCfg = Debug|Any CPU
		{107A527C-2D40-44B5-805F-092B9B614947}.Debug|Any CPU.Build.0 = Debug|Any CPU
		{107A527C-2D40-44B5-805F-092B9B614947}.Debug|ARM.ActiveCfg = Debug|Any CPU
		{107A527C-2D40-44B5-805F-092B9B614947}.Debug|ARM.Build.0 = Debug|Any CPU
		{107A527C-2D40-44B5-805F-092B9B614947}.Debug|ARM64.ActiveCfg = Debug|Any CPU
		{107A527C-2D40-44B5-805F-092B9B614947}.Debug|ARM64.Build.0 = Debug|Any CPU
		{107A527C-2D40-44B5-805F-092B9B614947}.Debug|x64.ActiveCfg = Debug|Any CPU
		{107A527C-2D40-44B5-805F-092B9B614947}.Debug|x64.Build.0 = Debug|Any CPU
		{107A527C-2D40-44B5-805F-092B9B614947}.Debug|x86.ActiveCfg = Debug|Any CPU
		{107A527C-2D40-44B5-805F-092B9B614947}.Debug|x86.Build.0 = Debug|Any CPU
		{107A527C-2D40-44B5-805F-092B9B614947}.Release|Any CPU.ActiveCfg = Release|Any CPU
		{107A527C-2D40-44B5-805F-092B9B614947}.Release|Any CPU.Build.0 = Release|Any CPU
		{107A527C-2D40-44B5-805F-092B9B614947}.Release|ARM.ActiveCfg = Release|Any CPU
		{107A527C-2D40-44B5-805F-092B9B614947}.Release|ARM.Build.0 = Release|Any CPU
		{107A527C-2D40-44B5-805F-092B9B614947}.Release|ARM64.ActiveCfg = Release|Any CPU
		{107A527C-2D40-44B5-805F-092B9B614947}.Release|ARM64.Build.0 = Release|Any CPU
		{107A527C-2D40-44B5-805F-092B9B614947}.Release|x64.ActiveCfg = Release|Any CPU
		{107A527C-2D40-44B5-805F-092B9B614947}.Release|x64.Build.0 = Release|Any CPU
		{107A527C-2D40-44B5-805F-092B9B614947}.Release|x86.ActiveCfg = Release|Any CPU
		{107A527C-2D40-44B5-805F-092B9B614947}.Release|x86.Build.0 = Release|Any CPU
		{1B6C6198-F2FB-4ABB-88AD-0078FA42AC48}.Debug|Any CPU.ActiveCfg = Debug|Any CPU
		{1B6C6198-F2FB-4ABB-88AD-0078FA42AC48}.Debug|Any CPU.Build.0 = Debug|Any CPU
		{1B6C6198-F2FB-4ABB-88AD-0078FA42AC48}.Debug|ARM.ActiveCfg = Debug|Any CPU
		{1B6C6198-F2FB-4ABB-88AD-0078FA42AC48}.Debug|ARM.Build.0 = Debug|Any CPU
		{1B6C6198-F2FB-4ABB-88AD-0078FA42AC48}.Debug|ARM64.ActiveCfg = Debug|Any CPU
		{1B6C6198-F2FB-4ABB-88AD-0078FA42AC48}.Debug|ARM64.Build.0 = Debug|Any CPU
		{1B6C6198-F2FB-4ABB-88AD-0078FA42AC48}.Debug|x64.ActiveCfg = Debug|Any CPU
		{1B6C6198-F2FB-4ABB-88AD-0078FA42AC48}.Debug|x64.Build.0 = Debug|Any CPU
		{1B6C6198-F2FB-4ABB-88AD-0078FA42AC48}.Debug|x86.ActiveCfg = Debug|Any CPU
		{1B6C6198-F2FB-4ABB-88AD-0078FA42AC48}.Debug|x86.Build.0 = Debug|Any CPU
		{1B6C6198-F2FB-4ABB-88AD-0078FA42AC48}.Release|Any CPU.ActiveCfg = Release|Any CPU
		{1B6C6198-F2FB-4ABB-88AD-0078FA42AC48}.Release|Any CPU.Build.0 = Release|Any CPU
		{1B6C6198-F2FB-4ABB-88AD-0078FA42AC48}.Release|ARM.ActiveCfg = Release|Any CPU
		{1B6C6198-F2FB-4ABB-88AD-0078FA42AC48}.Release|ARM.Build.0 = Release|Any CPU
		{1B6C6198-F2FB-4ABB-88AD-0078FA42AC48}.Release|ARM64.ActiveCfg = Release|Any CPU
		{1B6C6198-F2FB-4ABB-88AD-0078FA42AC48}.Release|ARM64.Build.0 = Release|Any CPU
		{1B6C6198-F2FB-4ABB-88AD-0078FA42AC48}.Release|x64.ActiveCfg = Release|Any CPU
		{1B6C6198-F2FB-4ABB-88AD-0078FA42AC48}.Release|x64.Build.0 = Release|Any CPU
		{1B6C6198-F2FB-4ABB-88AD-0078FA42AC48}.Release|x86.ActiveCfg = Release|Any CPU
		{1B6C6198-F2FB-4ABB-88AD-0078FA42AC48}.Release|x86.Build.0 = Release|Any CPU
		{693635ED-FC5E-43FF-A869-B37A2D601ED3}.Debug|Any CPU.ActiveCfg = Debug|Any CPU
		{693635ED-FC5E-43FF-A869-B37A2D601ED3}.Debug|Any CPU.Build.0 = Debug|Any CPU
		{693635ED-FC5E-43FF-A869-B37A2D601ED3}.Debug|ARM.ActiveCfg = Debug|Any CPU
		{693635ED-FC5E-43FF-A869-B37A2D601ED3}.Debug|ARM.Build.0 = Debug|Any CPU
		{693635ED-FC5E-43FF-A869-B37A2D601ED3}.Debug|ARM64.ActiveCfg = Debug|Any CPU
		{693635ED-FC5E-43FF-A869-B37A2D601ED3}.Debug|ARM64.Build.0 = Debug|Any CPU
		{693635ED-FC5E-43FF-A869-B37A2D601ED3}.Debug|x64.ActiveCfg = Debug|Any CPU
		{693635ED-FC5E-43FF-A869-B37A2D601ED3}.Debug|x64.Build.0 = Debug|Any CPU
		{693635ED-FC5E-43FF-A869-B37A2D601ED3}.Debug|x86.ActiveCfg = Debug|Any CPU
		{693635ED-FC5E-43FF-A869-B37A2D601ED3}.Debug|x86.Build.0 = Debug|Any CPU
		{693635ED-FC5E-43FF-A869-B37A2D601ED3}.Release|Any CPU.ActiveCfg = Release|Any CPU
		{693635ED-FC5E-43FF-A869-B37A2D601ED3}.Release|Any CPU.Build.0 = Release|Any CPU
		{693635ED-FC5E-43FF-A869-B37A2D601ED3}.Release|ARM.ActiveCfg = Release|Any CPU
		{693635ED-FC5E-43FF-A869-B37A2D601ED3}.Release|ARM.Build.0 = Release|Any CPU
		{693635ED-FC5E-43FF-A869-B37A2D601ED3}.Release|ARM64.ActiveCfg = Release|Any CPU
		{693635ED-FC5E-43FF-A869-B37A2D601ED3}.Release|ARM64.Build.0 = Release|Any CPU
		{693635ED-FC5E-43FF-A869-B37A2D601ED3}.Release|x64.ActiveCfg = Release|Any CPU
		{693635ED-FC5E-43FF-A869-B37A2D601ED3}.Release|x64.Build.0 = Release|Any CPU
		{693635ED-FC5E-43FF-A869-B37A2D601ED3}.Release|x86.ActiveCfg = Release|Any CPU
		{693635ED-FC5E-43FF-A869-B37A2D601ED3}.Release|x86.Build.0 = Release|Any CPU
		{1E0E861D-2635-4B57-AFC1-73AEECD56018}.Debug|Any CPU.ActiveCfg = Debug|Any CPU
		{1E0E861D-2635-4B57-AFC1-73AEECD56018}.Debug|Any CPU.Build.0 = Debug|Any CPU
		{1E0E861D-2635-4B57-AFC1-73AEECD56018}.Debug|ARM.ActiveCfg = Debug|Any CPU
		{1E0E861D-2635-4B57-AFC1-73AEECD56018}.Debug|ARM.Build.0 = Debug|Any CPU
		{1E0E861D-2635-4B57-AFC1-73AEECD56018}.Debug|ARM64.ActiveCfg = Debug|Any CPU
		{1E0E861D-2635-4B57-AFC1-73AEECD56018}.Debug|ARM64.Build.0 = Debug|Any CPU
		{1E0E861D-2635-4B57-AFC1-73AEECD56018}.Debug|x64.ActiveCfg = Debug|Any CPU
		{1E0E861D-2635-4B57-AFC1-73AEECD56018}.Debug|x64.Build.0 = Debug|Any CPU
		{1E0E861D-2635-4B57-AFC1-73AEECD56018}.Debug|x86.ActiveCfg = Debug|Any CPU
		{1E0E861D-2635-4B57-AFC1-73AEECD56018}.Debug|x86.Build.0 = Debug|Any CPU
		{1E0E861D-2635-4B57-AFC1-73AEECD56018}.Release|Any CPU.ActiveCfg = Release|Any CPU
		{1E0E861D-2635-4B57-AFC1-73AEECD56018}.Release|Any CPU.Build.0 = Release|Any CPU
		{1E0E861D-2635-4B57-AFC1-73AEECD56018}.Release|ARM.ActiveCfg = Release|Any CPU
		{1E0E861D-2635-4B57-AFC1-73AEECD56018}.Release|ARM.Build.0 = Release|Any CPU
		{1E0E861D-2635-4B57-AFC1-73AEECD56018}.Release|ARM64.ActiveCfg = Release|Any CPU
		{1E0E861D-2635-4B57-AFC1-73AEECD56018}.Release|ARM64.Build.0 = Release|Any CPU
		{1E0E861D-2635-4B57-AFC1-73AEECD56018}.Release|x64.ActiveCfg = Release|Any CPU
		{1E0E861D-2635-4B57-AFC1-73AEECD56018}.Release|x64.Build.0 = Release|Any CPU
		{1E0E861D-2635-4B57-AFC1-73AEECD56018}.Release|x86.ActiveCfg = Release|Any CPU
		{1E0E861D-2635-4B57-AFC1-73AEECD56018}.Release|x86.Build.0 = Release|Any CPU
		{D1F2CBF7-6205-4A81-9262-06B2B747D05B}.Debug|Any CPU.ActiveCfg = Debug|x86
		{D1F2CBF7-6205-4A81-9262-06B2B747D05B}.Debug|ARM.ActiveCfg = Debug|ARM
		{D1F2CBF7-6205-4A81-9262-06B2B747D05B}.Debug|ARM.Build.0 = Debug|ARM
		{D1F2CBF7-6205-4A81-9262-06B2B747D05B}.Debug|ARM.Deploy.0 = Debug|ARM
		{D1F2CBF7-6205-4A81-9262-06B2B747D05B}.Debug|ARM64.ActiveCfg = Debug|ARM64
		{D1F2CBF7-6205-4A81-9262-06B2B747D05B}.Debug|ARM64.Build.0 = Debug|ARM64
		{D1F2CBF7-6205-4A81-9262-06B2B747D05B}.Debug|ARM64.Deploy.0 = Debug|ARM64
		{D1F2CBF7-6205-4A81-9262-06B2B747D05B}.Debug|x64.ActiveCfg = Debug|x64
		{D1F2CBF7-6205-4A81-9262-06B2B747D05B}.Debug|x64.Build.0 = Debug|x64
		{D1F2CBF7-6205-4A81-9262-06B2B747D05B}.Debug|x64.Deploy.0 = Debug|x64
		{D1F2CBF7-6205-4A81-9262-06B2B747D05B}.Debug|x86.ActiveCfg = Debug|x86
		{D1F2CBF7-6205-4A81-9262-06B2B747D05B}.Debug|x86.Build.0 = Debug|x86
		{D1F2CBF7-6205-4A81-9262-06B2B747D05B}.Debug|x86.Deploy.0 = Debug|x86
		{D1F2CBF7-6205-4A81-9262-06B2B747D05B}.Release|Any CPU.ActiveCfg = Release|x86
		{D1F2CBF7-6205-4A81-9262-06B2B747D05B}.Release|ARM.ActiveCfg = Release|ARM
		{D1F2CBF7-6205-4A81-9262-06B2B747D05B}.Release|ARM.Build.0 = Release|ARM
		{D1F2CBF7-6205-4A81-9262-06B2B747D05B}.Release|ARM.Deploy.0 = Release|ARM
		{D1F2CBF7-6205-4A81-9262-06B2B747D05B}.Release|ARM64.ActiveCfg = Release|ARM64
		{D1F2CBF7-6205-4A81-9262-06B2B747D05B}.Release|ARM64.Build.0 = Release|ARM64
		{D1F2CBF7-6205-4A81-9262-06B2B747D05B}.Release|ARM64.Deploy.0 = Release|ARM64
		{D1F2CBF7-6205-4A81-9262-06B2B747D05B}.Release|x64.ActiveCfg = Release|x64
		{D1F2CBF7-6205-4A81-9262-06B2B747D05B}.Release|x64.Build.0 = Release|x64
		{D1F2CBF7-6205-4A81-9262-06B2B747D05B}.Release|x64.Deploy.0 = Release|x64
		{D1F2CBF7-6205-4A81-9262-06B2B747D05B}.Release|x86.ActiveCfg = Release|x86
		{D1F2CBF7-6205-4A81-9262-06B2B747D05B}.Release|x86.Build.0 = Release|x86
		{D1F2CBF7-6205-4A81-9262-06B2B747D05B}.Release|x86.Deploy.0 = Release|x86
		{DB93C2C6-419A-4D51-AD9A-12556771C28D}.Debug|Any CPU.ActiveCfg = Debug|Any CPU
		{DB93C2C6-419A-4D51-AD9A-12556771C28D}.Debug|Any CPU.Build.0 = Debug|Any CPU
		{DB93C2C6-419A-4D51-AD9A-12556771C28D}.Debug|ARM.ActiveCfg = Debug|Any CPU
		{DB93C2C6-419A-4D51-AD9A-12556771C28D}.Debug|ARM.Build.0 = Debug|Any CPU
		{DB93C2C6-419A-4D51-AD9A-12556771C28D}.Debug|ARM64.ActiveCfg = Debug|Any CPU
		{DB93C2C6-419A-4D51-AD9A-12556771C28D}.Debug|ARM64.Build.0 = Debug|Any CPU
		{DB93C2C6-419A-4D51-AD9A-12556771C28D}.Debug|x64.ActiveCfg = Debug|Any CPU
		{DB93C2C6-419A-4D51-AD9A-12556771C28D}.Debug|x64.Build.0 = Debug|Any CPU
		{DB93C2C6-419A-4D51-AD9A-12556771C28D}.Debug|x86.ActiveCfg = Debug|Any CPU
		{DB93C2C6-419A-4D51-AD9A-12556771C28D}.Debug|x86.Build.0 = Debug|Any CPU
		{DB93C2C6-419A-4D51-AD9A-12556771C28D}.Release|Any CPU.ActiveCfg = Release|Any CPU
		{DB93C2C6-419A-4D51-AD9A-12556771C28D}.Release|Any CPU.Build.0 = Release|Any CPU
		{DB93C2C6-419A-4D51-AD9A-12556771C28D}.Release|ARM.ActiveCfg = Release|Any CPU
		{DB93C2C6-419A-4D51-AD9A-12556771C28D}.Release|ARM.Build.0 = Release|Any CPU
		{DB93C2C6-419A-4D51-AD9A-12556771C28D}.Release|ARM64.ActiveCfg = Release|Any CPU
		{DB93C2C6-419A-4D51-AD9A-12556771C28D}.Release|ARM64.Build.0 = Release|Any CPU
		{DB93C2C6-419A-4D51-AD9A-12556771C28D}.Release|x64.ActiveCfg = Release|Any CPU
		{DB93C2C6-419A-4D51-AD9A-12556771C28D}.Release|x64.Build.0 = Release|Any CPU
		{DB93C2C6-419A-4D51-AD9A-12556771C28D}.Release|x86.ActiveCfg = Release|Any CPU
		{DB93C2C6-419A-4D51-AD9A-12556771C28D}.Release|x86.Build.0 = Release|Any CPU
		{B76F669C-40B6-46D5-BA81-06D330D823FB}.Debug|Any CPU.ActiveCfg = Debug|Any CPU
		{B76F669C-40B6-46D5-BA81-06D330D823FB}.Debug|Any CPU.Build.0 = Debug|Any CPU
		{B76F669C-40B6-46D5-BA81-06D330D823FB}.Debug|ARM.ActiveCfg = Debug|Any CPU
		{B76F669C-40B6-46D5-BA81-06D330D823FB}.Debug|ARM.Build.0 = Debug|Any CPU
		{B76F669C-40B6-46D5-BA81-06D330D823FB}.Debug|ARM64.ActiveCfg = Debug|Any CPU
		{B76F669C-40B6-46D5-BA81-06D330D823FB}.Debug|ARM64.Build.0 = Debug|Any CPU
		{B76F669C-40B6-46D5-BA81-06D330D823FB}.Debug|x64.ActiveCfg = Debug|Any CPU
		{B76F669C-40B6-46D5-BA81-06D330D823FB}.Debug|x64.Build.0 = Debug|Any CPU
		{B76F669C-40B6-46D5-BA81-06D330D823FB}.Debug|x86.ActiveCfg = Debug|Any CPU
		{B76F669C-40B6-46D5-BA81-06D330D823FB}.Debug|x86.Build.0 = Debug|Any CPU
		{B76F669C-40B6-46D5-BA81-06D330D823FB}.Release|Any CPU.ActiveCfg = Release|Any CPU
		{B76F669C-40B6-46D5-BA81-06D330D823FB}.Release|Any CPU.Build.0 = Release|Any CPU
		{B76F669C-40B6-46D5-BA81-06D330D823FB}.Release|ARM.ActiveCfg = Release|Any CPU
		{B76F669C-40B6-46D5-BA81-06D330D823FB}.Release|ARM.Build.0 = Release|Any CPU
		{B76F669C-40B6-46D5-BA81-06D330D823FB}.Release|ARM64.ActiveCfg = Release|Any CPU
		{B76F669C-40B6-46D5-BA81-06D330D823FB}.Release|ARM64.Build.0 = Release|Any CPU
		{B76F669C-40B6-46D5-BA81-06D330D823FB}.Release|x64.ActiveCfg = Release|Any CPU
		{B76F669C-40B6-46D5-BA81-06D330D823FB}.Release|x64.Build.0 = Release|Any CPU
		{B76F669C-40B6-46D5-BA81-06D330D823FB}.Release|x86.ActiveCfg = Release|Any CPU
		{B76F669C-40B6-46D5-BA81-06D330D823FB}.Release|x86.Build.0 = Release|Any CPU
		{E46CF6B1-7194-4C09-9208-DFBB25A373FC}.Debug|Any CPU.ActiveCfg = Debug|Any CPU
		{E46CF6B1-7194-4C09-9208-DFBB25A373FC}.Debug|Any CPU.Build.0 = Debug|Any CPU
		{E46CF6B1-7194-4C09-9208-DFBB25A373FC}.Debug|ARM.ActiveCfg = Debug|Any CPU
		{E46CF6B1-7194-4C09-9208-DFBB25A373FC}.Debug|ARM.Build.0 = Debug|Any CPU
		{E46CF6B1-7194-4C09-9208-DFBB25A373FC}.Debug|ARM64.ActiveCfg = Debug|Any CPU
		{E46CF6B1-7194-4C09-9208-DFBB25A373FC}.Debug|ARM64.Build.0 = Debug|Any CPU
		{E46CF6B1-7194-4C09-9208-DFBB25A373FC}.Debug|x64.ActiveCfg = Debug|Any CPU
		{E46CF6B1-7194-4C09-9208-DFBB25A373FC}.Debug|x64.Build.0 = Debug|Any CPU
		{E46CF6B1-7194-4C09-9208-DFBB25A373FC}.Debug|x86.ActiveCfg = Debug|Any CPU
		{E46CF6B1-7194-4C09-9208-DFBB25A373FC}.Debug|x86.Build.0 = Debug|Any CPU
		{E46CF6B1-7194-4C09-9208-DFBB25A373FC}.Release|Any CPU.ActiveCfg = Release|Any CPU
		{E46CF6B1-7194-4C09-9208-DFBB25A373FC}.Release|Any CPU.Build.0 = Release|Any CPU
		{E46CF6B1-7194-4C09-9208-DFBB25A373FC}.Release|ARM.ActiveCfg = Release|Any CPU
		{E46CF6B1-7194-4C09-9208-DFBB25A373FC}.Release|ARM.Build.0 = Release|Any CPU
		{E46CF6B1-7194-4C09-9208-DFBB25A373FC}.Release|ARM64.ActiveCfg = Release|Any CPU
		{E46CF6B1-7194-4C09-9208-DFBB25A373FC}.Release|ARM64.Build.0 = Release|Any CPU
		{E46CF6B1-7194-4C09-9208-DFBB25A373FC}.Release|x64.ActiveCfg = Release|Any CPU
		{E46CF6B1-7194-4C09-9208-DFBB25A373FC}.Release|x64.Build.0 = Release|Any CPU
		{E46CF6B1-7194-4C09-9208-DFBB25A373FC}.Release|x86.ActiveCfg = Release|Any CPU
		{E46CF6B1-7194-4C09-9208-DFBB25A373FC}.Release|x86.Build.0 = Release|Any CPU
		{F6FE2D80-661B-4B7F-8017-EE1F9BCEDA77}.Debug|Any CPU.ActiveCfg = Debug|Any CPU
		{F6FE2D80-661B-4B7F-8017-EE1F9BCEDA77}.Debug|Any CPU.Build.0 = Debug|Any CPU
		{F6FE2D80-661B-4B7F-8017-EE1F9BCEDA77}.Debug|ARM.ActiveCfg = Debug|Any CPU
		{F6FE2D80-661B-4B7F-8017-EE1F9BCEDA77}.Debug|ARM.Build.0 = Debug|Any CPU
		{F6FE2D80-661B-4B7F-8017-EE1F9BCEDA77}.Debug|ARM64.ActiveCfg = Debug|Any CPU
		{F6FE2D80-661B-4B7F-8017-EE1F9BCEDA77}.Debug|ARM64.Build.0 = Debug|Any CPU
		{F6FE2D80-661B-4B7F-8017-EE1F9BCEDA77}.Debug|x64.ActiveCfg = Debug|Any CPU
		{F6FE2D80-661B-4B7F-8017-EE1F9BCEDA77}.Debug|x64.Build.0 = Debug|Any CPU
		{F6FE2D80-661B-4B7F-8017-EE1F9BCEDA77}.Debug|x86.ActiveCfg = Debug|Any CPU
		{F6FE2D80-661B-4B7F-8017-EE1F9BCEDA77}.Debug|x86.Build.0 = Debug|Any CPU
		{F6FE2D80-661B-4B7F-8017-EE1F9BCEDA77}.Release|Any CPU.ActiveCfg = Release|Any CPU
		{F6FE2D80-661B-4B7F-8017-EE1F9BCEDA77}.Release|Any CPU.Build.0 = Release|Any CPU
		{F6FE2D80-661B-4B7F-8017-EE1F9BCEDA77}.Release|ARM.ActiveCfg = Release|Any CPU
		{F6FE2D80-661B-4B7F-8017-EE1F9BCEDA77}.Release|ARM.Build.0 = Release|Any CPU
		{F6FE2D80-661B-4B7F-8017-EE1F9BCEDA77}.Release|ARM64.ActiveCfg = Release|Any CPU
		{F6FE2D80-661B-4B7F-8017-EE1F9BCEDA77}.Release|ARM64.Build.0 = Release|Any CPU
		{F6FE2D80-661B-4B7F-8017-EE1F9BCEDA77}.Release|x64.ActiveCfg = Release|Any CPU
		{F6FE2D80-661B-4B7F-8017-EE1F9BCEDA77}.Release|x64.Build.0 = Release|Any CPU
		{F6FE2D80-661B-4B7F-8017-EE1F9BCEDA77}.Release|x86.ActiveCfg = Release|Any CPU
		{F6FE2D80-661B-4B7F-8017-EE1F9BCEDA77}.Release|x86.Build.0 = Release|Any CPU
		{ADF7980D-C590-4E44-A880-C782AB1B4CF7}.Debug|Any CPU.ActiveCfg = Debug|Any CPU
		{ADF7980D-C590-4E44-A880-C782AB1B4CF7}.Debug|Any CPU.Build.0 = Debug|Any CPU
		{ADF7980D-C590-4E44-A880-C782AB1B4CF7}.Debug|ARM.ActiveCfg = Debug|Any CPU
		{ADF7980D-C590-4E44-A880-C782AB1B4CF7}.Debug|ARM.Build.0 = Debug|Any CPU
		{ADF7980D-C590-4E44-A880-C782AB1B4CF7}.Debug|ARM64.ActiveCfg = Debug|Any CPU
		{ADF7980D-C590-4E44-A880-C782AB1B4CF7}.Debug|ARM64.Build.0 = Debug|Any CPU
		{ADF7980D-C590-4E44-A880-C782AB1B4CF7}.Debug|x64.ActiveCfg = Debug|Any CPU
		{ADF7980D-C590-4E44-A880-C782AB1B4CF7}.Debug|x64.Build.0 = Debug|Any CPU
		{ADF7980D-C590-4E44-A880-C782AB1B4CF7}.Debug|x86.ActiveCfg = Debug|Any CPU
		{ADF7980D-C590-4E44-A880-C782AB1B4CF7}.Debug|x86.Build.0 = Debug|Any CPU
		{ADF7980D-C590-4E44-A880-C782AB1B4CF7}.Release|Any CPU.ActiveCfg = Release|Any CPU
		{ADF7980D-C590-4E44-A880-C782AB1B4CF7}.Release|Any CPU.Build.0 = Release|Any CPU
		{ADF7980D-C590-4E44-A880-C782AB1B4CF7}.Release|ARM.ActiveCfg = Release|Any CPU
		{ADF7980D-C590-4E44-A880-C782AB1B4CF7}.Release|ARM.Build.0 = Release|Any CPU
		{ADF7980D-C590-4E44-A880-C782AB1B4CF7}.Release|ARM64.ActiveCfg = Release|Any CPU
		{ADF7980D-C590-4E44-A880-C782AB1B4CF7}.Release|ARM64.Build.0 = Release|Any CPU
		{ADF7980D-C590-4E44-A880-C782AB1B4CF7}.Release|x64.ActiveCfg = Release|Any CPU
		{ADF7980D-C590-4E44-A880-C782AB1B4CF7}.Release|x64.Build.0 = Release|Any CPU
		{ADF7980D-C590-4E44-A880-C782AB1B4CF7}.Release|x86.ActiveCfg = Release|Any CPU
		{ADF7980D-C590-4E44-A880-C782AB1B4CF7}.Release|x86.Build.0 = Release|Any CPU
		{7EE70908-A858-434A-8823-CBF577DD30FC}.Debug|Any CPU.ActiveCfg = Debug|x86
		{7EE70908-A858-434A-8823-CBF577DD30FC}.Debug|ARM.ActiveCfg = Debug|ARM
		{7EE70908-A858-434A-8823-CBF577DD30FC}.Debug|ARM.Build.0 = Debug|ARM
		{7EE70908-A858-434A-8823-CBF577DD30FC}.Debug|ARM.Deploy.0 = Debug|ARM
		{7EE70908-A858-434A-8823-CBF577DD30FC}.Debug|ARM64.ActiveCfg = Debug|ARM64
		{7EE70908-A858-434A-8823-CBF577DD30FC}.Debug|ARM64.Build.0 = Debug|ARM64
		{7EE70908-A858-434A-8823-CBF577DD30FC}.Debug|ARM64.Deploy.0 = Debug|ARM64
		{7EE70908-A858-434A-8823-CBF577DD30FC}.Debug|x64.ActiveCfg = Debug|x64
		{7EE70908-A858-434A-8823-CBF577DD30FC}.Debug|x64.Build.0 = Debug|x64
		{7EE70908-A858-434A-8823-CBF577DD30FC}.Debug|x64.Deploy.0 = Debug|x64
		{7EE70908-A858-434A-8823-CBF577DD30FC}.Debug|x86.ActiveCfg = Debug|x86
		{7EE70908-A858-434A-8823-CBF577DD30FC}.Debug|x86.Build.0 = Debug|x86
		{7EE70908-A858-434A-8823-CBF577DD30FC}.Debug|x86.Deploy.0 = Debug|x86
		{7EE70908-A858-434A-8823-CBF577DD30FC}.Release|Any CPU.ActiveCfg = Release|x86
		{7EE70908-A858-434A-8823-CBF577DD30FC}.Release|ARM.ActiveCfg = Release|ARM
		{7EE70908-A858-434A-8823-CBF577DD30FC}.Release|ARM.Build.0 = Release|ARM
		{7EE70908-A858-434A-8823-CBF577DD30FC}.Release|ARM.Deploy.0 = Release|ARM
		{7EE70908-A858-434A-8823-CBF577DD30FC}.Release|ARM64.ActiveCfg = Release|ARM64
		{7EE70908-A858-434A-8823-CBF577DD30FC}.Release|ARM64.Build.0 = Release|ARM64
		{7EE70908-A858-434A-8823-CBF577DD30FC}.Release|ARM64.Deploy.0 = Release|ARM64
		{7EE70908-A858-434A-8823-CBF577DD30FC}.Release|x64.ActiveCfg = Release|x64
		{7EE70908-A858-434A-8823-CBF577DD30FC}.Release|x64.Build.0 = Release|x64
		{7EE70908-A858-434A-8823-CBF577DD30FC}.Release|x64.Deploy.0 = Release|x64
		{7EE70908-A858-434A-8823-CBF577DD30FC}.Release|x86.ActiveCfg = Release|x86
		{7EE70908-A858-434A-8823-CBF577DD30FC}.Release|x86.Build.0 = Release|x86
		{7EE70908-A858-434A-8823-CBF577DD30FC}.Release|x86.Deploy.0 = Release|x86
		{2A1C2BC6-CCAC-4DD4-8400-3E1FDE9A3ECC}.Debug|Any CPU.ActiveCfg = Debug|Any CPU
		{2A1C2BC6-CCAC-4DD4-8400-3E1FDE9A3ECC}.Debug|Any CPU.Build.0 = Debug|Any CPU
		{2A1C2BC6-CCAC-4DD4-8400-3E1FDE9A3ECC}.Debug|ARM.ActiveCfg = Debug|Any CPU
		{2A1C2BC6-CCAC-4DD4-8400-3E1FDE9A3ECC}.Debug|ARM.Build.0 = Debug|Any CPU
		{2A1C2BC6-CCAC-4DD4-8400-3E1FDE9A3ECC}.Debug|ARM64.ActiveCfg = Debug|Any CPU
		{2A1C2BC6-CCAC-4DD4-8400-3E1FDE9A3ECC}.Debug|ARM64.Build.0 = Debug|Any CPU
		{2A1C2BC6-CCAC-4DD4-8400-3E1FDE9A3ECC}.Debug|x64.ActiveCfg = Debug|Any CPU
		{2A1C2BC6-CCAC-4DD4-8400-3E1FDE9A3ECC}.Debug|x64.Build.0 = Debug|Any CPU
		{2A1C2BC6-CCAC-4DD4-8400-3E1FDE9A3ECC}.Debug|x86.ActiveCfg = Debug|Any CPU
		{2A1C2BC6-CCAC-4DD4-8400-3E1FDE9A3ECC}.Debug|x86.Build.0 = Debug|Any CPU
		{2A1C2BC6-CCAC-4DD4-8400-3E1FDE9A3ECC}.Release|Any CPU.ActiveCfg = Release|Any CPU
		{2A1C2BC6-CCAC-4DD4-8400-3E1FDE9A3ECC}.Release|Any CPU.Build.0 = Release|Any CPU
		{2A1C2BC6-CCAC-4DD4-8400-3E1FDE9A3ECC}.Release|ARM.ActiveCfg = Release|Any CPU
		{2A1C2BC6-CCAC-4DD4-8400-3E1FDE9A3ECC}.Release|ARM.Build.0 = Release|Any CPU
		{2A1C2BC6-CCAC-4DD4-8400-3E1FDE9A3ECC}.Release|ARM64.ActiveCfg = Release|Any CPU
		{2A1C2BC6-CCAC-4DD4-8400-3E1FDE9A3ECC}.Release|ARM64.Build.0 = Release|Any CPU
		{2A1C2BC6-CCAC-4DD4-8400-3E1FDE9A3ECC}.Release|x64.ActiveCfg = Release|Any CPU
		{2A1C2BC6-CCAC-4DD4-8400-3E1FDE9A3ECC}.Release|x64.Build.0 = Release|Any CPU
		{2A1C2BC6-CCAC-4DD4-8400-3E1FDE9A3ECC}.Release|x86.ActiveCfg = Release|Any CPU
		{2A1C2BC6-CCAC-4DD4-8400-3E1FDE9A3ECC}.Release|x86.Build.0 = Release|Any CPU
		{C53C263C-BF9B-4831-B1FB-AA656A01FE0B}.Debug|Any CPU.ActiveCfg = Debug|Any CPU
		{C53C263C-BF9B-4831-B1FB-AA656A01FE0B}.Debug|Any CPU.Build.0 = Debug|Any CPU
		{C53C263C-BF9B-4831-B1FB-AA656A01FE0B}.Debug|ARM.ActiveCfg = Debug|Any CPU
		{C53C263C-BF9B-4831-B1FB-AA656A01FE0B}.Debug|ARM.Build.0 = Debug|Any CPU
		{C53C263C-BF9B-4831-B1FB-AA656A01FE0B}.Debug|ARM64.ActiveCfg = Debug|Any CPU
		{C53C263C-BF9B-4831-B1FB-AA656A01FE0B}.Debug|ARM64.Build.0 = Debug|Any CPU
		{C53C263C-BF9B-4831-B1FB-AA656A01FE0B}.Debug|x64.ActiveCfg = Debug|Any CPU
		{C53C263C-BF9B-4831-B1FB-AA656A01FE0B}.Debug|x64.Build.0 = Debug|Any CPU
		{C53C263C-BF9B-4831-B1FB-AA656A01FE0B}.Debug|x86.ActiveCfg = Debug|Any CPU
		{C53C263C-BF9B-4831-B1FB-AA656A01FE0B}.Debug|x86.Build.0 = Debug|Any CPU
		{C53C263C-BF9B-4831-B1FB-AA656A01FE0B}.Release|Any CPU.ActiveCfg = Release|Any CPU
		{C53C263C-BF9B-4831-B1FB-AA656A01FE0B}.Release|Any CPU.Build.0 = Release|Any CPU
		{C53C263C-BF9B-4831-B1FB-AA656A01FE0B}.Release|ARM.ActiveCfg = Release|Any CPU
		{C53C263C-BF9B-4831-B1FB-AA656A01FE0B}.Release|ARM.Build.0 = Release|Any CPU
		{C53C263C-BF9B-4831-B1FB-AA656A01FE0B}.Release|ARM64.ActiveCfg = Release|Any CPU
		{C53C263C-BF9B-4831-B1FB-AA656A01FE0B}.Release|ARM64.Build.0 = Release|Any CPU
		{C53C263C-BF9B-4831-B1FB-AA656A01FE0B}.Release|x64.ActiveCfg = Release|Any CPU
		{C53C263C-BF9B-4831-B1FB-AA656A01FE0B}.Release|x64.Build.0 = Release|Any CPU
		{C53C263C-BF9B-4831-B1FB-AA656A01FE0B}.Release|x86.ActiveCfg = Release|Any CPU
		{C53C263C-BF9B-4831-B1FB-AA656A01FE0B}.Release|x86.Build.0 = Release|Any CPU
		{D4CE4CDC-8DAC-44AE-80BB-FD7B6DFAD200}.Debug|Any CPU.ActiveCfg = Debug|x86
		{D4CE4CDC-8DAC-44AE-80BB-FD7B6DFAD200}.Debug|ARM.ActiveCfg = Debug|ARM
		{D4CE4CDC-8DAC-44AE-80BB-FD7B6DFAD200}.Debug|ARM.Build.0 = Debug|ARM
		{D4CE4CDC-8DAC-44AE-80BB-FD7B6DFAD200}.Debug|ARM.Deploy.0 = Debug|ARM
		{D4CE4CDC-8DAC-44AE-80BB-FD7B6DFAD200}.Debug|ARM64.ActiveCfg = Debug|ARM64
		{D4CE4CDC-8DAC-44AE-80BB-FD7B6DFAD200}.Debug|ARM64.Build.0 = Debug|ARM64
		{D4CE4CDC-8DAC-44AE-80BB-FD7B6DFAD200}.Debug|ARM64.Deploy.0 = Debug|ARM64
		{D4CE4CDC-8DAC-44AE-80BB-FD7B6DFAD200}.Debug|x64.ActiveCfg = Debug|x64
		{D4CE4CDC-8DAC-44AE-80BB-FD7B6DFAD200}.Debug|x64.Build.0 = Debug|x64
		{D4CE4CDC-8DAC-44AE-80BB-FD7B6DFAD200}.Debug|x64.Deploy.0 = Debug|x64
		{D4CE4CDC-8DAC-44AE-80BB-FD7B6DFAD200}.Debug|x86.ActiveCfg = Debug|x86
		{D4CE4CDC-8DAC-44AE-80BB-FD7B6DFAD200}.Debug|x86.Build.0 = Debug|x86
		{D4CE4CDC-8DAC-44AE-80BB-FD7B6DFAD200}.Debug|x86.Deploy.0 = Debug|x86
		{D4CE4CDC-8DAC-44AE-80BB-FD7B6DFAD200}.Release|Any CPU.ActiveCfg = Release|x86
		{D4CE4CDC-8DAC-44AE-80BB-FD7B6DFAD200}.Release|ARM.ActiveCfg = Release|ARM
		{D4CE4CDC-8DAC-44AE-80BB-FD7B6DFAD200}.Release|ARM.Build.0 = Release|ARM
		{D4CE4CDC-8DAC-44AE-80BB-FD7B6DFAD200}.Release|ARM.Deploy.0 = Release|ARM
		{D4CE4CDC-8DAC-44AE-80BB-FD7B6DFAD200}.Release|ARM64.ActiveCfg = Release|ARM64
		{D4CE4CDC-8DAC-44AE-80BB-FD7B6DFAD200}.Release|ARM64.Build.0 = Release|ARM64
		{D4CE4CDC-8DAC-44AE-80BB-FD7B6DFAD200}.Release|ARM64.Deploy.0 = Release|ARM64
		{D4CE4CDC-8DAC-44AE-80BB-FD7B6DFAD200}.Release|x64.ActiveCfg = Release|x64
		{D4CE4CDC-8DAC-44AE-80BB-FD7B6DFAD200}.Release|x64.Build.0 = Release|x64
		{D4CE4CDC-8DAC-44AE-80BB-FD7B6DFAD200}.Release|x64.Deploy.0 = Release|x64
		{D4CE4CDC-8DAC-44AE-80BB-FD7B6DFAD200}.Release|x86.ActiveCfg = Release|x86
		{D4CE4CDC-8DAC-44AE-80BB-FD7B6DFAD200}.Release|x86.Build.0 = Release|x86
		{D4CE4CDC-8DAC-44AE-80BB-FD7B6DFAD200}.Release|x86.Deploy.0 = Release|x86
		{E7E4C2B9-42B6-4666-93D9-326BA8FE8329}.Debug|Any CPU.ActiveCfg = Debug|Any CPU
		{E7E4C2B9-42B6-4666-93D9-326BA8FE8329}.Debug|Any CPU.Build.0 = Debug|Any CPU
		{E7E4C2B9-42B6-4666-93D9-326BA8FE8329}.Debug|ARM.ActiveCfg = Debug|Any CPU
		{E7E4C2B9-42B6-4666-93D9-326BA8FE8329}.Debug|ARM.Build.0 = Debug|Any CPU
		{E7E4C2B9-42B6-4666-93D9-326BA8FE8329}.Debug|ARM64.ActiveCfg = Debug|Any CPU
		{E7E4C2B9-42B6-4666-93D9-326BA8FE8329}.Debug|ARM64.Build.0 = Debug|Any CPU
		{E7E4C2B9-42B6-4666-93D9-326BA8FE8329}.Debug|x64.ActiveCfg = Debug|Any CPU
		{E7E4C2B9-42B6-4666-93D9-326BA8FE8329}.Debug|x64.Build.0 = Debug|Any CPU
		{E7E4C2B9-42B6-4666-93D9-326BA8FE8329}.Debug|x86.ActiveCfg = Debug|Any CPU
		{E7E4C2B9-42B6-4666-93D9-326BA8FE8329}.Debug|x86.Build.0 = Debug|Any CPU
		{E7E4C2B9-42B6-4666-93D9-326BA8FE8329}.Release|Any CPU.ActiveCfg = Release|Any CPU
		{E7E4C2B9-42B6-4666-93D9-326BA8FE8329}.Release|Any CPU.Build.0 = Release|Any CPU
		{E7E4C2B9-42B6-4666-93D9-326BA8FE8329}.Release|ARM.ActiveCfg = Release|Any CPU
		{E7E4C2B9-42B6-4666-93D9-326BA8FE8329}.Release|ARM.Build.0 = Release|Any CPU
		{E7E4C2B9-42B6-4666-93D9-326BA8FE8329}.Release|ARM64.ActiveCfg = Release|Any CPU
		{E7E4C2B9-42B6-4666-93D9-326BA8FE8329}.Release|ARM64.Build.0 = Release|Any CPU
		{E7E4C2B9-42B6-4666-93D9-326BA8FE8329}.Release|x64.ActiveCfg = Release|Any CPU
		{E7E4C2B9-42B6-4666-93D9-326BA8FE8329}.Release|x64.Build.0 = Release|Any CPU
		{E7E4C2B9-42B6-4666-93D9-326BA8FE8329}.Release|x86.ActiveCfg = Release|Any CPU
		{E7E4C2B9-42B6-4666-93D9-326BA8FE8329}.Release|x86.Build.0 = Release|Any CPU
		{2237DEE2-7C23-4A94-A2BC-E3CED8F9D622}.Debug|Any CPU.ActiveCfg = Debug|Any CPU
		{2237DEE2-7C23-4A94-A2BC-E3CED8F9D622}.Debug|Any CPU.Build.0 = Debug|Any CPU
		{2237DEE2-7C23-4A94-A2BC-E3CED8F9D622}.Debug|ARM.ActiveCfg = Debug|Any CPU
		{2237DEE2-7C23-4A94-A2BC-E3CED8F9D622}.Debug|ARM.Build.0 = Debug|Any CPU
		{2237DEE2-7C23-4A94-A2BC-E3CED8F9D622}.Debug|ARM64.ActiveCfg = Debug|Any CPU
		{2237DEE2-7C23-4A94-A2BC-E3CED8F9D622}.Debug|ARM64.Build.0 = Debug|Any CPU
		{2237DEE2-7C23-4A94-A2BC-E3CED8F9D622}.Debug|x64.ActiveCfg = Debug|Any CPU
		{2237DEE2-7C23-4A94-A2BC-E3CED8F9D622}.Debug|x64.Build.0 = Debug|Any CPU
		{2237DEE2-7C23-4A94-A2BC-E3CED8F9D622}.Debug|x86.ActiveCfg = Debug|Any CPU
		{2237DEE2-7C23-4A94-A2BC-E3CED8F9D622}.Debug|x86.Build.0 = Debug|Any CPU
		{2237DEE2-7C23-4A94-A2BC-E3CED8F9D622}.Release|Any CPU.ActiveCfg = Release|Any CPU
		{2237DEE2-7C23-4A94-A2BC-E3CED8F9D622}.Release|Any CPU.Build.0 = Release|Any CPU
		{2237DEE2-7C23-4A94-A2BC-E3CED8F9D622}.Release|ARM.ActiveCfg = Release|Any CPU
		{2237DEE2-7C23-4A94-A2BC-E3CED8F9D622}.Release|ARM.Build.0 = Release|Any CPU
		{2237DEE2-7C23-4A94-A2BC-E3CED8F9D622}.Release|ARM64.ActiveCfg = Release|Any CPU
		{2237DEE2-7C23-4A94-A2BC-E3CED8F9D622}.Release|ARM64.Build.0 = Release|Any CPU
		{2237DEE2-7C23-4A94-A2BC-E3CED8F9D622}.Release|x64.ActiveCfg = Release|Any CPU
		{2237DEE2-7C23-4A94-A2BC-E3CED8F9D622}.Release|x64.Build.0 = Release|Any CPU
		{2237DEE2-7C23-4A94-A2BC-E3CED8F9D622}.Release|x86.ActiveCfg = Release|Any CPU
		{2237DEE2-7C23-4A94-A2BC-E3CED8F9D622}.Release|x86.Build.0 = Release|Any CPU
		{3DA35ABA-3947-47DE-BA8F-3D169A0BFD3E}.Debug|Any CPU.ActiveCfg = Debug|Any CPU
		{3DA35ABA-3947-47DE-BA8F-3D169A0BFD3E}.Debug|Any CPU.Build.0 = Debug|Any CPU
		{3DA35ABA-3947-47DE-BA8F-3D169A0BFD3E}.Debug|ARM.ActiveCfg = Debug|Any CPU
		{3DA35ABA-3947-47DE-BA8F-3D169A0BFD3E}.Debug|ARM.Build.0 = Debug|Any CPU
		{3DA35ABA-3947-47DE-BA8F-3D169A0BFD3E}.Debug|ARM64.ActiveCfg = Debug|Any CPU
		{3DA35ABA-3947-47DE-BA8F-3D169A0BFD3E}.Debug|ARM64.Build.0 = Debug|Any CPU
		{3DA35ABA-3947-47DE-BA8F-3D169A0BFD3E}.Debug|x64.ActiveCfg = Debug|Any CPU
		{3DA35ABA-3947-47DE-BA8F-3D169A0BFD3E}.Debug|x64.Build.0 = Debug|Any CPU
		{3DA35ABA-3947-47DE-BA8F-3D169A0BFD3E}.Debug|x86.ActiveCfg = Debug|Any CPU
		{3DA35ABA-3947-47DE-BA8F-3D169A0BFD3E}.Debug|x86.Build.0 = Debug|Any CPU
		{3DA35ABA-3947-47DE-BA8F-3D169A0BFD3E}.Release|Any CPU.ActiveCfg = Release|Any CPU
		{3DA35ABA-3947-47DE-BA8F-3D169A0BFD3E}.Release|Any CPU.Build.0 = Release|Any CPU
		{3DA35ABA-3947-47DE-BA8F-3D169A0BFD3E}.Release|ARM.ActiveCfg = Release|Any CPU
		{3DA35ABA-3947-47DE-BA8F-3D169A0BFD3E}.Release|ARM.Build.0 = Release|Any CPU
		{3DA35ABA-3947-47DE-BA8F-3D169A0BFD3E}.Release|ARM64.ActiveCfg = Release|Any CPU
		{3DA35ABA-3947-47DE-BA8F-3D169A0BFD3E}.Release|ARM64.Build.0 = Release|Any CPU
		{3DA35ABA-3947-47DE-BA8F-3D169A0BFD3E}.Release|x64.ActiveCfg = Release|Any CPU
		{3DA35ABA-3947-47DE-BA8F-3D169A0BFD3E}.Release|x64.Build.0 = Release|Any CPU
		{3DA35ABA-3947-47DE-BA8F-3D169A0BFD3E}.Release|x86.ActiveCfg = Release|Any CPU
		{3DA35ABA-3947-47DE-BA8F-3D169A0BFD3E}.Release|x86.Build.0 = Release|Any CPU
		{CC419045-D18A-4651-9578-8590EEA5B0DF}.Debug|Any CPU.ActiveCfg = Debug|Any CPU
		{CC419045-D18A-4651-9578-8590EEA5B0DF}.Debug|Any CPU.Build.0 = Debug|Any CPU
		{CC419045-D18A-4651-9578-8590EEA5B0DF}.Debug|ARM.ActiveCfg = Debug|Any CPU
		{CC419045-D18A-4651-9578-8590EEA5B0DF}.Debug|ARM.Build.0 = Debug|Any CPU
		{CC419045-D18A-4651-9578-8590EEA5B0DF}.Debug|ARM64.ActiveCfg = Debug|Any CPU
		{CC419045-D18A-4651-9578-8590EEA5B0DF}.Debug|ARM64.Build.0 = Debug|Any CPU
		{CC419045-D18A-4651-9578-8590EEA5B0DF}.Debug|x64.ActiveCfg = Debug|Any CPU
		{CC419045-D18A-4651-9578-8590EEA5B0DF}.Debug|x64.Build.0 = Debug|Any CPU
		{CC419045-D18A-4651-9578-8590EEA5B0DF}.Debug|x86.ActiveCfg = Debug|Any CPU
		{CC419045-D18A-4651-9578-8590EEA5B0DF}.Debug|x86.Build.0 = Debug|Any CPU
		{CC419045-D18A-4651-9578-8590EEA5B0DF}.Release|Any CPU.ActiveCfg = Release|Any CPU
		{CC419045-D18A-4651-9578-8590EEA5B0DF}.Release|Any CPU.Build.0 = Release|Any CPU
		{CC419045-D18A-4651-9578-8590EEA5B0DF}.Release|ARM.ActiveCfg = Release|Any CPU
		{CC419045-D18A-4651-9578-8590EEA5B0DF}.Release|ARM.Build.0 = Release|Any CPU
		{CC419045-D18A-4651-9578-8590EEA5B0DF}.Release|ARM64.ActiveCfg = Release|Any CPU
		{CC419045-D18A-4651-9578-8590EEA5B0DF}.Release|ARM64.Build.0 = Release|Any CPU
		{CC419045-D18A-4651-9578-8590EEA5B0DF}.Release|x64.ActiveCfg = Release|Any CPU
		{CC419045-D18A-4651-9578-8590EEA5B0DF}.Release|x64.Build.0 = Release|Any CPU
		{CC419045-D18A-4651-9578-8590EEA5B0DF}.Release|x86.ActiveCfg = Release|Any CPU
		{CC419045-D18A-4651-9578-8590EEA5B0DF}.Release|x86.Build.0 = Release|Any CPU
	EndGlobalSection
	GlobalSection(SolutionProperties) = preSolution
		HideSolutionNode = FALSE
	EndGlobalSection
	GlobalSection(NestedProjects) = preSolution
		{ADF7980D-C590-4E44-A880-C782AB1B4CF7} = {6DD23914-4B90-4641-A95F-0ED3B32B4665}
		{7EE70908-A858-434A-8823-CBF577DD30FC} = {6DD23914-4B90-4641-A95F-0ED3B32B4665}
		{2A1C2BC6-CCAC-4DD4-8400-3E1FDE9A3ECC} = {6DD23914-4B90-4641-A95F-0ED3B32B4665}
		{C53C263C-BF9B-4831-B1FB-AA656A01FE0B} = {6DD23914-4B90-4641-A95F-0ED3B32B4665}
		{D4CE4CDC-8DAC-44AE-80BB-FD7B6DFAD200} = {6DD23914-4B90-4641-A95F-0ED3B32B4665}
		{E7E4C2B9-42B6-4666-93D9-326BA8FE8329} = {BF73E421-4861-4423-A895-108E0FD1026A}
		{3DA35ABA-3947-47DE-BA8F-3D169A0BFD3E} = {BF73E421-4861-4423-A895-108E0FD1026A}
	EndGlobalSection
	GlobalSection(ExtensibilityGlobals) = postSolution
		SolutionGuid = {767C6A84-793D-460F-882A-8888209BFD2F}
	EndGlobalSection
EndGlobal
