
Microsoft Visual Studio Solution File, Format Version 12.00
# Visual Studio 15
VisualStudioVersion = 15.0.28010.2048
MinimumVisualStudioVersion = 10.0.40219.1
Project("{FAE04EC0-301F-11D3-BF4B-00C04F79EFBC}") = "DirectX12GameEngine", "DirectX12GameEngine\DirectX12GameEngine.csproj", "{74D32730-D25C-4D53-BA1B-B767038D46F8}"
EndProject
Project("{FAE04EC0-301F-11D3-BF4B-00C04F79EFBC}") = "DirectX12Game", "DirectX12Game\DirectX12Game.csproj", "{30F0ECD3-E8A8-4790-BBBB-57DCB363FC15}"
EndProject
Project("{FAE04EC0-301F-11D3-BF4B-00C04F79EFBC}") = "DirectX12TestApp", "DirectX12TestApp\DirectX12TestApp.csproj", "{7EE70908-A858-434A-8823-CBF577DD30FC}"
EndProject
Global
	GlobalSection(SolutionConfigurationPlatforms) = preSolution
		Debug|Any CPU = Debug|Any CPU
		Debug|ARM = Debug|ARM
		Debug|x64 = Debug|x64
		Debug|x86 = Debug|x86
		Release|Any CPU = Release|Any CPU
		Release|ARM = Release|ARM
		Release|x64 = Release|x64
		Release|x86 = Release|x86
	EndGlobalSection
	GlobalSection(ProjectConfigurationPlatforms) = postSolution
		{74D32730-D25C-4D53-BA1B-B767038D46F8}.Debug|Any CPU.ActiveCfg = Debug|Any CPU
		{74D32730-D25C-4D53-BA1B-B767038D46F8}.Debug|Any CPU.Build.0 = Debug|Any CPU
		{74D32730-D25C-4D53-BA1B-B767038D46F8}.Debug|ARM.ActiveCfg = Debug|ARM
		{74D32730-D25C-4D53-BA1B-B767038D46F8}.Debug|ARM.Build.0 = Debug|ARM
		{74D32730-D25C-4D53-BA1B-B767038D46F8}.Debug|x64.ActiveCfg = Debug|x64
		{74D32730-D25C-4D53-BA1B-B767038D46F8}.Debug|x64.Build.0 = Debug|x64
		{74D32730-D25C-4D53-BA1B-B767038D46F8}.Debug|x86.ActiveCfg = Debug|x86
		{74D32730-D25C-4D53-BA1B-B767038D46F8}.Debug|x86.Build.0 = Debug|x86
		{74D32730-D25C-4D53-BA1B-B767038D46F8}.Release|Any CPU.ActiveCfg = Release|Any CPU
		{74D32730-D25C-4D53-BA1B-B767038D46F8}.Release|Any CPU.Build.0 = Release|Any CPU
		{74D32730-D25C-4D53-BA1B-B767038D46F8}.Release|ARM.ActiveCfg = Release|ARM
		{74D32730-D25C-4D53-BA1B-B767038D46F8}.Release|ARM.Build.0 = Release|ARM
		{74D32730-D25C-4D53-BA1B-B767038D46F8}.Release|x64.ActiveCfg = Release|x64
		{74D32730-D25C-4D53-BA1B-B767038D46F8}.Release|x64.Build.0 = Release|x64
		{74D32730-D25C-4D53-BA1B-B767038D46F8}.Release|x86.ActiveCfg = Release|x86
		{74D32730-D25C-4D53-BA1B-B767038D46F8}.Release|x86.Build.0 = Release|x86
		{30F0ECD3-E8A8-4790-BBBB-57DCB363FC15}.Debug|Any CPU.ActiveCfg = Debug|Any CPU
		{30F0ECD3-E8A8-4790-BBBB-57DCB363FC15}.Debug|Any CPU.Build.0 = Debug|Any CPU
		{30F0ECD3-E8A8-4790-BBBB-57DCB363FC15}.Debug|ARM.ActiveCfg = Debug|ARM
		{30F0ECD3-E8A8-4790-BBBB-57DCB363FC15}.Debug|ARM.Build.0 = Debug|ARM
		{30F0ECD3-E8A8-4790-BBBB-57DCB363FC15}.Debug|x64.ActiveCfg = Debug|x64
		{30F0ECD3-E8A8-4790-BBBB-57DCB363FC15}.Debug|x64.Build.0 = Debug|x64
		{30F0ECD3-E8A8-4790-BBBB-57DCB363FC15}.Debug|x86.ActiveCfg = Debug|x86
		{30F0ECD3-E8A8-4790-BBBB-57DCB363FC15}.Debug|x86.Build.0 = Debug|x86
		{30F0ECD3-E8A8-4790-BBBB-57DCB363FC15}.Release|Any CPU.ActiveCfg = Release|Any CPU
		{30F0ECD3-E8A8-4790-BBBB-57DCB363FC15}.Release|Any CPU.Build.0 = Release|Any CPU
		{30F0ECD3-E8A8-4790-BBBB-57DCB363FC15}.Release|ARM.ActiveCfg = Release|ARM
		{30F0ECD3-E8A8-4790-BBBB-57DCB363FC15}.Release|ARM.Build.0 = Release|ARM
		{30F0ECD3-E8A8-4790-BBBB-57DCB363FC15}.Release|x64.ActiveCfg = Release|x64
		{30F0ECD3-E8A8-4790-BBBB-57DCB363FC15}.Release|x64.Build.0 = Release|x64
		{30F0ECD3-E8A8-4790-BBBB-57DCB363FC15}.Release|x86.ActiveCfg = Release|x86
		{30F0ECD3-E8A8-4790-BBBB-57DCB363FC15}.Release|x86.Build.0 = Release|x86
		{7EE70908-A858-434A-8823-CBF577DD30FC}.Debug|Any CPU.ActiveCfg = Debug|x86
		{7EE70908-A858-434A-8823-CBF577DD30FC}.Debug|ARM.ActiveCfg = Debug|ARM
		{7EE70908-A858-434A-8823-CBF577DD30FC}.Debug|ARM.Build.0 = Debug|ARM
		{7EE70908-A858-434A-8823-CBF577DD30FC}.Debug|ARM.Deploy.0 = Debug|ARM
		{7EE70908-A858-434A-8823-CBF577DD30FC}.Debug|x64.ActiveCfg = Debug|x64
		{7EE70908-A858-434A-8823-CBF577DD30FC}.Debug|x64.Build.0 = Debug|x64
		{7EE70908-A858-434A-8823-CBF577DD30FC}.Debug|x64.Deploy.0 = Debug|x64
		{7EE70908-A858-434A-8823-CBF577DD30FC}.Debug|x86.ActiveCfg = Debug|x86
		{7EE70908-A858-434A-8823-CBF577DD30FC}.Debug|x86.Build.0 = Debug|x86
		{7EE70908-A858-434A-8823-CBF577DD30FC}.Debug|x86.Deploy.0 = Debug|x86
		{7EE70908-A858-434A-8823-CBF577DD30FC}.Release|Any CPU.ActiveCfg = Release|x86
		{7EE70908-A858-434A-8823-CBF577DD30FC}.Release|ARM.ActiveCfg = Release|ARM
		{7EE70908-A858-434A-8823-CBF577DD30FC}.Release|ARM.Build.0 = Release|ARM
		{7EE70908-A858-434A-8823-CBF577DD30FC}.Release|ARM.Deploy.0 = Release|ARM
		{7EE70908-A858-434A-8823-CBF577DD30FC}.Release|x64.ActiveCfg = Release|x64
		{7EE70908-A858-434A-8823-CBF577DD30FC}.Release|x64.Build.0 = Release|x64
		{7EE70908-A858-434A-8823-CBF577DD30FC}.Release|x64.Deploy.0 = Release|x64
		{7EE70908-A858-434A-8823-CBF577DD30FC}.Release|x86.ActiveCfg = Release|x86
		{7EE70908-A858-434A-8823-CBF577DD30FC}.Release|x86.Build.0 = Release|x86
		{7EE70908-A858-434A-8823-CBF577DD30FC}.Release|x86.Deploy.0 = Release|x86
	EndGlobalSection
	GlobalSection(SolutionProperties) = preSolution
		HideSolutionNode = FALSE
	EndGlobalSection
	GlobalSection(ExtensibilityGlobals) = postSolution
		SolutionGuid = {767C6A84-793D-460F-882A-8888209BFD2F}
	EndGlobalSection
EndGlobal
